<?xml version="1.0" encoding="utf-8"?>
<Project ToolsVersion="4.0" xmlns="http://schemas.microsoft.com/developer/msbuild/2003">
  <ItemGroup>
    <Filter Include="main">
      <UniqueIdentifier>{7ab0ee5d-98bb-40bb-a530-cf6455f4114b}</UniqueIdentifier>
    </Filter>
    <Filter Include="Test">
      <UniqueIdentifier>{6163bba6-02db-4edb-b01f-7eca810f953f}</UniqueIdentifier>
    </Filter>
  </ItemGroup>
  <ItemGroup>
    <ClCompile Include="main.cpp">
      <Filter>main</Filter>
    </ClCompile>
    <ClCompile Include="TestAABB.cpp">
      <Filter>Test</Filter>
    </ClCompile>
    <ClCompile Include="TestConvexHullAlgorithm.cpp">
      <Filter>Test</Filter>
    </ClCompile>
    <ClCompile Include="TestMath.cpp">
      <Filter>Test</Filter>
    </ClCompile>
    <ClCompile Include="TestMemPool.cpp">
      <Filter>Test</Filter>
    </ClCompile>
    <ClCompile Include="TestPlane.cpp">
      <Filter>Test</Filter>
    </ClCompile>
  </ItemGroup>
  <ItemGroup>
    <ClInclude Include="stdafx.h">
      <Filter>main</Filter>
    </ClInclude>
  </ItemGroup>
</Project>