
Microsoft Visual Studio Solution File, Format Version 12.00
# Visual Studio Version 16
VisualStudioVersion = 16.0.30204.135
MinimumVisualStudioVersion = 10.0.40219.1
Project("{8BC9CEB8-8B4A-11D0-8D11-00A0C91BC942}") = "cml2", "cml2\cml2.vcxproj", "{8D451493-65C2-49C3-ADAE-ACB17E6B0650}"
EndProject
Project("{8BC9CEB8-8B4A-11D0-8D11-00A0C91BC942}") = "MAI2", "MAI2\MAI2.vcxproj", "{39D180F0-CA6C-4478-9C72-BA211B728286}"
EndProject
Project("{8BC9CEB8-8B4A-11D0-8D11-00A0C91BC942}") = "MDatabase", "MDatabase\MDatabase.vcxproj", "{98475FA7-BEA2-42EE-9B1C-31D9684D237B}"
EndProject
Project("{8BC9CEB8-8B4A-11D0-8D11-00A0C91BC942}") = "MiNet", "MiNet\MiNet.vcxproj", "{595010C3-5427-4453-9F44-5ADB4EDDDB28}"
EndProject
Project("{8BC9CEB8-8B4A-11D0-8D11-00A0C91BC942}") = "MMonitor", "MMonitor\MMonitor.vcxproj", "{0F829089-B087-4352-B888-EF4E93A2069C}"
EndProject
Project("{8BC9CEB8-8B4A-11D0-8D11-00A0C91BC942}") = "MPathEngineExporter", "MPathEngineExporter\MPathEngineExporter.vcxproj", "{690DCE86-F101-4AF2-8AA4-873A5A887378}"
EndProject
Project("{8BC9CEB8-8B4A-11D0-8D11-00A0C91BC942}") = "MPathFinder", "MPathFinder\MPathFinder.vcxproj", "{7ED97BBA-E770-4144-B656-C837FB08D1E7}"
EndProject
Project("{8BC9CEB8-8B4A-11D0-8D11-00A0C91BC942}") = "RealInput", "RealInput\RealInput.vcxproj", "{8A4FBCEC-AB89-49EF-AA18-D0712D6F4F55}"
EndProject
Project("{8BC9CEB8-8B4A-11D0-8D11-00A0C91BC942}") = "RealSound2", "RealSound2\RealSound2.vcxproj", "{E626E2EF-80C7-47BD-BB8E-CFEFB3C0D340}"
EndProject
Project("{8BC9CEB8-8B4A-11D0-8D11-00A0C91BC942}") = "RealSpace3", "RealSpace3\RealSpace3.vcxproj", "{7070FA22-C0D4-40F5-BEB7-EC09F3A58A51}"
EndProject
Project("{8BC9CEB8-8B4A-11D0-8D11-00A0C91BC942}") = "MCollision", "MCollision\MCollision.vcxproj", "{97861011-05BD-450A-A221-DB5F7A2F4B7B}"
EndProject
Global
	GlobalSection(SolutionConfigurationPlatforms) = preSolution
		Debug|Win32 = Debug|Win32
		DebugDLL|Win32 = DebugDLL|Win32
		Release|Win32 = Release|Win32
		ReleaseDLL|Win32 = ReleaseDLL|Win32
	EndGlobalSection
	GlobalSection(ProjectConfigurationPlatforms) = postSolution
		{8D451493-65C2-49C3-ADAE-ACB17E6B0650}.Debug|Win32.ActiveCfg = Debug|Win32
		{8D451493-65C2-49C3-ADAE-ACB17E6B0650}.Debug|Win32.Build.0 = Debug|Win32
		{8D451493-65C2-49C3-ADAE-ACB17E6B0650}.DebugDLL|Win32.ActiveCfg = DebugMD|Win32
		{8D451493-65C2-49C3-ADAE-ACB17E6B0650}.DebugDLL|Win32.Build.0 = DebugMD|Win32
		{8D451493-65C2-49C3-ADAE-ACB17E6B0650}.Release|Win32.ActiveCfg = Release|Win32
		{8D451493-65C2-49C3-ADAE-ACB17E6B0650}.Release|Win32.Build.0 = Release|Win32
		{8D451493-65C2-49C3-ADAE-ACB17E6B0650}.ReleaseDLL|Win32.ActiveCfg = ReleaseMD|Win32
		{8D451493-65C2-49C3-ADAE-ACB17E6B0650}.ReleaseDLL|Win32.Build.0 = ReleaseMD|Win32
		{39D180F0-CA6C-4478-9C72-BA211B728286}.Debug|Win32.ActiveCfg = Debug|Win32
		{39D180F0-CA6C-4478-9C72-BA211B728286}.Debug|Win32.Build.0 = Debug|Win32
		{39D180F0-CA6C-4478-9C72-BA211B728286}.DebugDLL|Win32.ActiveCfg = Debug|Win32
		{39D180F0-CA6C-4478-9C72-BA211B728286}.DebugDLL|Win32.Build.0 = Debug|Win32
		{39D180F0-CA6C-4478-9C72-BA211B728286}.Release|Win32.ActiveCfg = Release|Win32
		{39D180F0-CA6C-4478-9C72-BA211B728286}.Release|Win32.Build.0 = Release|Win32
		{39D180F0-CA6C-4478-9C72-BA211B728286}.ReleaseDLL|Win32.ActiveCfg = Release|Win32
		{39D180F0-CA6C-4478-9C72-BA211B728286}.ReleaseDLL|Win32.Build.0 = Release|Win32
		{98475FA7-BEA2-42EE-9B1C-31D9684D237B}.Debug|Win32.ActiveCfg = Debug|Win32
		{98475FA7-BEA2-42EE-9B1C-31D9684D237B}.Debug|Win32.Build.0 = Debug|Win32
		{98475FA7-BEA2-42EE-9B1C-31D9684D237B}.DebugDLL|Win32.ActiveCfg = Debug|Win32
		{98475FA7-BEA2-42EE-9B1C-31D9684D237B}.DebugDLL|Win32.Build.0 = Debug|Win32
		{98475FA7-BEA2-42EE-9B1C-31D9684D237B}.Release|Win32.ActiveCfg = Release|Win32
		{98475FA7-BEA2-42EE-9B1C-31D9684D237B}.Release|Win32.Build.0 = Release|Win32
		{98475FA7-BEA2-42EE-9B1C-31D9684D237B}.ReleaseDLL|Win32.ActiveCfg = Release|Win32
		{98475FA7-BEA2-42EE-9B1C-31D9684D237B}.ReleaseDLL|Win32.Build.0 = Release|Win32
		{595010C3-5427-4453-9F44-5ADB4EDDDB28}.Debug|Win32.ActiveCfg = Debug|Win32
		{595010C3-5427-4453-9F44-5ADB4EDDDB28}.Debug|Win32.Build.0 = Debug|Win32
		{595010C3-5427-4453-9F44-5ADB4EDDDB28}.DebugDLL|Win32.ActiveCfg = DebugDLL|Win32
		{595010C3-5427-4453-9F44-5ADB4EDDDB28}.DebugDLL|Win32.Build.0 = DebugDLL|Win32
		{595010C3-5427-4453-9F44-5ADB4EDDDB28}.Release|Win32.ActiveCfg = Release|Win32
		{595010C3-5427-4453-9F44-5ADB4EDDDB28}.Release|Win32.Build.0 = Release|Win32
		{595010C3-5427-4453-9F44-5ADB4EDDDB28}.ReleaseDLL|Win32.ActiveCfg = Release|Win32
		{595010C3-5427-4453-9F44-5ADB4EDDDB28}.ReleaseDLL|Win32.Build.0 = Release|Win32
		{0F829089-B087-4352-B888-EF4E93A2069C}.Debug|Win32.ActiveCfg = Debug|Win32
		{0F829089-B087-4352-B888-EF4E93A2069C}.Debug|Win32.Build.0 = Debug|Win32
		{0F829089-B087-4352-B888-EF4E93A2069C}.DebugDLL|Win32.ActiveCfg = Debug|Win32
		{0F829089-B087-4352-B888-EF4E93A2069C}.DebugDLL|Win32.Build.0 = Debug|Win32
		{0F829089-B087-4352-B888-EF4E93A2069C}.Release|Win32.ActiveCfg = Release|Win32
		{0F829089-B087-4352-B888-EF4E93A2069C}.Release|Win32.Build.0 = Release|Win32
		{0F829089-B087-4352-B888-EF4E93A2069C}.ReleaseDLL|Win32.ActiveCfg = Release|Win32
		{0F829089-B087-4352-B888-EF4E93A2069C}.ReleaseDLL|Win32.Build.0 = Release|Win32
		{690DCE86-F101-4AF2-8AA4-873A5A887378}.Debug|Win32.ActiveCfg = Debug|Win32
		{690DCE86-F101-4AF2-8AA4-873A5A887378}.Debug|Win32.Build.0 = Debug|Win32
		{690DCE86-F101-4AF2-8AA4-873A5A887378}.DebugDLL|Win32.ActiveCfg = DebugMD_ImportCML2|Win32
		{690DCE86-F101-4AF2-8AA4-873A5A887378}.DebugDLL|Win32.Build.0 = DebugMD_ImportCML2|Win32
		{690DCE86-F101-4AF2-8AA4-873A5A887378}.Release|Win32.ActiveCfg = Release|Win32
		{690DCE86-F101-4AF2-8AA4-873A5A887378}.Release|Win32.Build.0 = Release|Win32
		{690DCE86-F101-4AF2-8AA4-873A5A887378}.ReleaseDLL|Win32.ActiveCfg = Release|Win32
		{690DCE86-F101-4AF2-8AA4-873A5A887378}.ReleaseDLL|Win32.Build.0 = Release|Win32
		{7ED97BBA-E770-4144-B656-C837FB08D1E7}.Debug|Win32.ActiveCfg = Debug|Win32
		{7ED97BBA-E770-4144-B656-C837FB08D1E7}.Debug|Win32.Build.0 = Debug|Win32
		{7ED97BBA-E770-4144-B656-C837FB08D1E7}.DebugDLL|Win32.ActiveCfg = DebugMD_ImportCML2|Win32
		{7ED97BBA-E770-4144-B656-C837FB08D1E7}.DebugDLL|Win32.Build.0 = DebugMD_ImportCML2|Win32
		{7ED97BBA-E770-4144-B656-C837FB08D1E7}.Release|Win32.ActiveCfg = Release|Win32
		{7ED97BBA-E770-4144-B656-C837FB08D1E7}.Release|Win32.Build.0 = Release|Win32
		{7ED97BBA-E770-4144-B656-C837FB08D1E7}.ReleaseDLL|Win32.ActiveCfg = Release|Win32
		{7ED97BBA-E770-4144-B656-C837FB08D1E7}.ReleaseDLL|Win32.Build.0 = Release|Win32
		{8A4FBCEC-AB89-49EF-AA18-D0712D6F4F55}.Debug|Win32.ActiveCfg = Debug|Win32
		{8A4FBCEC-AB89-49EF-AA18-D0712D6F4F55}.Debug|Win32.Build.0 = Debug|Win32
		{8A4FBCEC-AB89-49EF-AA18-D0712D6F4F55}.DebugDLL|Win32.ActiveCfg = DebugMD|Win32
		{8A4FBCEC-AB89-49EF-AA18-D0712D6F4F55}.DebugDLL|Win32.Build.0 = DebugMD|Win32
		{8A4FBCEC-AB89-49EF-AA18-D0712D6F4F55}.Release|Win32.ActiveCfg = Release|Win32
		{8A4FBCEC-AB89-49EF-AA18-D0712D6F4F55}.Release|Win32.Build.0 = Release|Win32
		{8A4FBCEC-AB89-49EF-AA18-D0712D6F4F55}.ReleaseDLL|Win32.ActiveCfg = Release|Win32
		{8A4FBCEC-AB89-49EF-AA18-D0712D6F4F55}.ReleaseDLL|Win32.Build.0 = Release|Win32
		{E626E2EF-80C7-47BD-BB8E-CFEFB3C0D340}.Debug|Win32.ActiveCfg = Debug|Win32
		{E626E2EF-80C7-47BD-BB8E-CFEFB3C0D340}.Debug|Win32.Build.0 = Debug|Win32
		{E626E2EF-80C7-47BD-BB8E-CFEFB3C0D340}.DebugDLL|Win32.ActiveCfg = DebugMD_ImportCML2|Win32
		{E626E2EF-80C7-47BD-BB8E-CFEFB3C0D340}.DebugDLL|Win32.Build.0 = DebugMD_ImportCML2|Win32
		{E626E2EF-80C7-47BD-BB8E-CFEFB3C0D340}.Release|Win32.ActiveCfg = Release|Win32
		{E626E2EF-80C7-47BD-BB8E-CFEFB3C0D340}.Release|Win32.Build.0 = Release|Win32
		{E626E2EF-80C7-47BD-BB8E-CFEFB3C0D340}.ReleaseDLL|Win32.ActiveCfg = Release|Win32
		{E626E2EF-80C7-47BD-BB8E-CFEFB3C0D340}.ReleaseDLL|Win32.Build.0 = Release|Win32
		{7070FA22-C0D4-40F5-BEB7-EC09F3A58A51}.Debug|Win32.ActiveCfg = Debug|Win32
		{7070FA22-C0D4-40F5-BEB7-EC09F3A58A51}.Debug|Win32.Build.0 = Debug|Win32
		{7070FA22-C0D4-40F5-BEB7-EC09F3A58A51}.DebugDLL|Win32.ActiveCfg = DebugDLL|Win32
		{7070FA22-C0D4-40F5-BEB7-EC09F3A58A51}.DebugDLL|Win32.Build.0 = DebugDLL|Win32
		{7070FA22-C0D4-40F5-BEB7-EC09F3A58A51}.Release|Win32.ActiveCfg = Release|Win32
		{7070FA22-C0D4-40F5-BEB7-EC09F3A58A51}.Release|Win32.Build.0 = Release|Win32
		{7070FA22-C0D4-40F5-BEB7-EC09F3A58A51}.ReleaseDLL|Win32.ActiveCfg = ReleaseDLL|Win32
		{7070FA22-C0D4-40F5-BEB7-EC09F3A58A51}.ReleaseDLL|Win32.Build.0 = ReleaseDLL|Win32
		{97861011-05BD-450A-A221-DB5F7A2F4B7B}.Debug|Win32.ActiveCfg = Debug|Win32
		{97861011-05BD-450A-A221-DB5F7A2F4B7B}.Debug|Win32.Build.0 = Debug|Win32
		{97861011-05BD-450A-A221-DB5F7A2F4B7B}.DebugDLL|Win32.ActiveCfg = DebugMD|Win32
		{97861011-05BD-450A-A221-DB5F7A2F4B7B}.DebugDLL|Win32.Build.0 = DebugMD|Win32
		{97861011-05BD-450A-A221-DB5F7A2F4B7B}.Release|Win32.ActiveCfg = Release|Win32
		{97861011-05BD-450A-A221-DB5F7A2F4B7B}.Release|Win32.Build.0 = Release|Win32
		{97861011-05BD-450A-A221-DB5F7A2F4B7B}.ReleaseDLL|Win32.ActiveCfg = ReleaseMD|Win32
		{97861011-05BD-450A-A221-DB5F7A2F4B7B}.ReleaseDLL|Win32.Build.0 = ReleaseMD|Win32
	EndGlobalSection
	GlobalSection(SolutionProperties) = preSolution
		HideSolutionNode = FALSE
	EndGlobalSection
	GlobalSection(ExtensibilityGlobals) = postSolution
		SolutionGuid = {A3BA75B0-D1A1-4AAC-8ABD-41958ECA32E0}
	EndGlobalSection
EndGlobal
