<?xml version="1.0" encoding="utf-8"?>
<Project ToolsVersion="4.0" xmlns="http://schemas.microsoft.com/developer/msbuild/2003">
  <ItemGroup>
    <Filter Include="command_app">
      <UniqueIdentifier>{9e90eb6f-4826-425d-83f2-6590280c237c}</UniqueIdentifier>
    </Filter>
    <Filter Include="resource">
      <UniqueIdentifier>{e707d6dc-b89e-4b48-8400-d901487e9899}</UniqueIdentifier>
    </Filter>
  </ItemGroup>
  <ItemGroup>
    <ClCompile Include="PCmdHandler_App.cpp">
      <Filter>command_app</Filter>
    </ClCompile>
    <ClCompile Include="main.cpp" />
    <ClCompile Include="PApplication.cpp" />
    <ClCompile Include="stdafx.cpp" />
  </ItemGroup>
  <ItemGroup>
    <ClInclude Include="PCmdHandler_App.h">
      <Filter>command_app</Filter>
    </ClInclude>
    <ClInclude Include="Resource.h">
      <Filter>resource</Filter>
    </ClInclude>
    <ClInclude Include="PApplication.h" />
    <ClInclude Include="stdafx.h" />
  </ItemGroup>
  <ItemGroup>
    <Image Include="res\AppServer.ico">
      <Filter>resource</Filter>
    </Image>
  </ItemGroup>
  <ItemGroup>
    <ResourceCompile Include="AppServer.rc">
      <Filter>resource</Filter>
    </ResourceCompile>
  </ItemGroup>
</Project>