Microsoft Visual Studio Solution File, Format Version 12.00
# Visual Studio Version 16
VisualStudioVersion = 16.0.30320.27
MinimumVisualStudioVersion = 10.0.40219.1
Project("{8BC9CEB8-8B4A-11D0-8D11-00A0C91BC942}") = "cml2", "..\..\mdk\cml2\cml2.vcxproj", "{8D451493-65C2-49C3-ADAE-ACB17E6B0650}"
EndProject
Project("{8BC9CEB8-8B4A-11D0-8D11-00A0C91BC942}") = "RealSpace3", "..\..\mdk\RealSpace3\RealSpace3.vcxproj", "{7070FA22-C0D4-40F5-BEB7-EC09F3A58A51}"
EndProject
Project("{8BC9CEB8-8B4A-11D0-8D11-00A0C91BC942}") = "MPathEngineExporter", "..\..\mdk\MPathEngineExporter\MPathEngineExporter.vcxproj", "{690DCE86-F101-4AF2-8AA4-873A5A887378}"
EndProject
Project("{8BC9CEB8-8B4A-11D0-8D11-00A0C91BC942}") = "MPathFinder", "..\..\mdk\MPathFinder\MPathFinder.vcxproj", "{7ED97BBA-E770-4144-B656-C837FB08D1E7}"
EndProject
Project("{8BC9CEB8-8B4A-11D0-8D11-00A0C91BC942}") = "Mint3", "..\..\mdk\Mint3\Mint.vcxproj", "{20B5465D-8790-43FA-A2A2-EE29F3F0F9BC}"
EndProject
Project("{8BC9CEB8-8B4A-11D0-8D11-00A0C91BC942}") = "MPhysX", "..\..\mdk\MPhysX\MPhysX.vcxproj", "{A1019D76-911A-4A80-B780-16F247E2F2AD}"
EndProject
Project("{8BC9CEB8-8B4A-11D0-8D11-00A0C91BC942}") = "MCollision", "..\..\mdk\MCollision\MCollision.vcxproj", "{97861011-05BD-450A-A221-DB5F7A2F4B7B}"
EndProject
Project("{8BC9CEB8-8B4A-11D0-8D11-00A0C91BC942}") = "MPhysX4R3", "..\..\mdk\MPhysX\MPhysX4R3\MPhysX4R3.vcxproj", "{94A262D9-481E-423E-BAA8-AC4D3CD8E527}"
EndProject
Project("{8BC9CEB8-8B4A-11D0-8D11-00A0C91BC942}") = "CSCommon", "..\..\CSCommon\CSCommon.vcxproj", "{7DCC03B9-DD72-4803-AEE2-1F2BE6CE60C2}"
EndProject
Project("{8BC9CEB8-8B4A-11D0-8D11-00A0C91BC942}") = "MFCProperty", "..\..\mdk\MReflectionProperty\MFCProperty\MFCProperty.vcxproj", "{53F2D752-312F-4002-84D9-009145832CCA}"
EndProject
Project("{8BC9CEB8-8B4A-11D0-8D11-00A0C91BC942}") = "relib", "..\..\mdk\MReflectionProperty\Reflection\relib.vcxproj", "{3DE14F45-2931-4E41-8115-06687E36288F}"
EndProject
Project("{8BC9CEB8-8B4A-11D0-8D11-00A0C91BC942}") = "RS3ReflectProperty", "..\..\mdk\MReflectionProperty\RS3ReflectProperty\RS3ReflectProperty.vcxproj", "{ADA8A51E-6AF1-4BB3-A15A-B7F5955C4129}"
EndProject
Project("{8BC9CEB8-8B4A-11D0-8D11-00A0C91BC942}") = "ToolsCommon", "..\..\Tools\ToolsCommon\ToolsCommon.vcxproj", "{73F44AA8-AFF6-4036-AEAA-5E4536736E87}"
EndProject
Project("{8BC9CEB8-8B4A-11D0-8D11-00A0C91BC942}") = "CoreToolRS3", "..\..\mdk\Tools\CoreToolRS3\CoreToolRS3.vcxproj", "{EE126751-9D9B-4ED5-97CF-DA0FB37D80DB}"
EndProject
Project("{8BC9CEB8-8B4A-11D0-8D11-00A0C91BC942}") = "CoreToolApp", "..\..\mdk\Tools\CoreToolRS3\CoreToolApp\CoreToolApp.vcxproj", "{89DBFF92-C477-4B7E-B175-56F3C71F180D}"
EndProject
Project("{8BC9CEB8-8B4A-11D0-8D11-00A0C91BC942}") = "crl", "..\..\crl\crl.vcxproj", "{2D063418-4E8D-4689-8394-A80BAA738631}"
EndProject
Project("{8BC9CEB8-8B4A-11D0-8D11-00A0C91BC942}") = "Plugin_CutScene", "..\..\Tools\CoreToolPlugins\Plugin_CutScene\Plugin_CutScene.vcxproj", "{CCEE827F-9252-44CE-AA1A-F5D76290056C}"
EndProject
Project("{8BC9CEB8-8B4A-11D0-8D11-00A0C91BC942}") = "Plugin_PhysX", "..\..\Tools\CoreToolPlugins\Plugin_PhysX\Plugin_PhysX.vcxproj", "{321A91B8-7614-4AC6-90E1-A93ADD6D2C4A}"
EndProject
Project("{8BC9CEB8-8B4A-11D0-8D11-00A0C91BC942}") = "Plugin_SoulHunt", "..\..\Tools\CoreToolPlugins\Plugin_SoulHunt\Plugin_SoulHunt.vcxproj", "{1D525AC5-0F9F-431E-B713-D100D5D21856}"
EndProject
Project("{8BC9CEB8-8B4A-11D0-8D11-00A0C91BC942}") = "MiNet", "..\..\mdk\MiNet\MiNet.vcxproj", "{595010C3-5427-4453-9F44-5ADB4EDDDB28}"
EndProject
Global
	GlobalSection(SolutionConfigurationPlatforms) = preSolution
		Debug_duck|Win32 = Debug_duck|Win32
		Debug_W|Win32 = Debug_W|Win32
		Debug|Win32 = Debug|Win32
		DebugDLL|Win32 = DebugDLL|Win32
		DebugMD_ImportCML2_W|Win32 = DebugMD_ImportCML2_W|Win32
		DebugMD_ImportCML2|Win32 = DebugMD_ImportCML2|Win32
		DebugMD|Win32 = DebugMD|Win32
		DebugMDW|Win32 = DebugMDW|Win32
		Release_profile_W|Win32 = Release_profile_W|Win32
		Release_Profile|Win32 = Release_Profile|Win32
		Release_W|Win32 = Release_W|Win32
		Release|Win32 = Release|Win32
		ReleaseMD_ImportCML2|Win32 = ReleaseMD_ImportCML2|Win32
		ReleaseMD_W|Win32 = ReleaseMD_W|Win32
		ReleaseMD|Win32 = ReleaseMD|Win32
	EndGlobalSection
	GlobalSection(ProjectConfigurationPlatforms) = postSolution
		{8D451493-65C2-49C3-ADAE-ACB17E6B0650}.Debug_duck|Win32.ActiveCfg = DebugDLL|Win32
		{8D451493-65C2-49C3-ADAE-ACB17E6B0650}.Debug_duck|Win32.Build.0 = DebugDLL|Win32
		{8D451493-65C2-49C3-ADAE-ACB17E6B0650}.Debug_W|Win32.ActiveCfg = Debug|Win32
		{8D451493-65C2-49C3-ADAE-ACB17E6B0650}.Debug_W|Win32.Build.0 = Debug|Win32
		{8D451493-65C2-49C3-ADAE-ACB17E6B0650}.Debug|Win32.ActiveCfg = DebugDLL|Win32
		{8D451493-65C2-49C3-ADAE-ACB17E6B0650}.Debug|Win32.Build.0 = DebugDLL|Win32
		{8D451493-65C2-49C3-ADAE-ACB17E6B0650}.DebugDLL|Win32.ActiveCfg = DebugDLL|Win32
		{8D451493-65C2-49C3-ADAE-ACB17E6B0650}.DebugDLL|Win32.Build.0 = DebugDLL|Win32
		{8D451493-65C2-49C3-ADAE-ACB17E6B0650}.DebugMD_ImportCML2_W|Win32.ActiveCfg = DebugMD|Win32
		{8D451493-65C2-49C3-ADAE-ACB17E6B0650}.DebugMD_ImportCML2_W|Win32.Build.0 = DebugMD|Win32
		{8D451493-65C2-49C3-ADAE-ACB17E6B0650}.DebugMD_ImportCML2|Win32.ActiveCfg = DebugMD|Win32
		{8D451493-65C2-49C3-ADAE-ACB17E6B0650}.DebugMD_ImportCML2|Win32.Build.0 = DebugMD|Win32
		{8D451493-65C2-49C3-ADAE-ACB17E6B0650}.DebugMD|Win32.ActiveCfg = DebugMD|Win32
		{8D451493-65C2-49C3-ADAE-ACB17E6B0650}.DebugMD|Win32.Build.0 = DebugMD|Win32
		{8D451493-65C2-49C3-ADAE-ACB17E6B0650}.DebugMDW|Win32.ActiveCfg = DebugMD|Win32
		{8D451493-65C2-49C3-ADAE-ACB17E6B0650}.DebugMDW|Win32.Build.0 = DebugMD|Win32
		{8D451493-65C2-49C3-ADAE-ACB17E6B0650}.Release_profile_W|Win32.ActiveCfg = Release_profile|Win32
		{8D451493-65C2-49C3-ADAE-ACB17E6B0650}.Release_profile_W|Win32.Build.0 = Release_profile|Win32
		{8D451493-65C2-49C3-ADAE-ACB17E6B0650}.Release_Profile|Win32.ActiveCfg = ReleaseDLL|Win32
		{8D451493-65C2-49C3-ADAE-ACB17E6B0650}.Release_Profile|Win32.Build.0 = ReleaseDLL|Win32
		{8D451493-65C2-49C3-ADAE-ACB17E6B0650}.Release_W|Win32.ActiveCfg = Release_profile|Win32
		{8D451493-65C2-49C3-ADAE-ACB17E6B0650}.Release_W|Win32.Build.0 = Release_profile|Win32
		{8D451493-65C2-49C3-ADAE-ACB17E6B0650}.Release|Win32.ActiveCfg = ReleaseDLL|Win32
		{8D451493-65C2-49C3-ADAE-ACB17E6B0650}.Release|Win32.Build.0 = ReleaseDLL|Win32
		{8D451493-65C2-49C3-ADAE-ACB17E6B0650}.ReleaseMD_ImportCML2|Win32.ActiveCfg = ReleaseMD|Win32
		{8D451493-65C2-49C3-ADAE-ACB17E6B0650}.ReleaseMD_ImportCML2|Win32.Build.0 = ReleaseMD|Win32
		{8D451493-65C2-49C3-ADAE-ACB17E6B0650}.ReleaseMD_W|Win32.ActiveCfg = ReleaseMD|Win32
		{8D451493-65C2-49C3-ADAE-ACB17E6B0650}.ReleaseMD_W|Win32.Build.0 = ReleaseMD|Win32
		{8D451493-65C2-49C3-ADAE-ACB17E6B0650}.ReleaseMD|Win32.ActiveCfg = ReleaseMD|Win32
		{8D451493-65C2-49C3-ADAE-ACB17E6B0650}.ReleaseMD|Win32.Build.0 = ReleaseMD|Win32
		{7070FA22-C0D4-40F5-BEB7-EC09F3A58A51}.Debug_duck|Win32.ActiveCfg = DebugDLL|Win32
		{7070FA22-C0D4-40F5-BEB7-EC09F3A58A51}.Debug_duck|Win32.Build.0 = DebugDLL|Win32
		{7070FA22-C0D4-40F5-BEB7-EC09F3A58A51}.Debug_W|Win32.ActiveCfg = Debug|Win32
		{7070FA22-C0D4-40F5-BEB7-EC09F3A58A51}.Debug_W|Win32.Build.0 = Debug|Win32
		{7070FA22-C0D4-40F5-BEB7-EC09F3A58A51}.Debug|Win32.ActiveCfg = DebugDLL|Win32
		{7070FA22-C0D4-40F5-BEB7-EC09F3A58A51}.Debug|Win32.Build.0 = DebugDLL|Win32
		{7070FA22-C0D4-40F5-BEB7-EC09F3A58A51}.DebugDLL|Win32.ActiveCfg = DebugDLL|Win32
		{7070FA22-C0D4-40F5-BEB7-EC09F3A58A51}.DebugDLL|Win32.Build.0 = DebugDLL|Win32
		{7070FA22-C0D4-40F5-BEB7-EC09F3A58A51}.DebugMD_ImportCML2_W|Win32.ActiveCfg = DebugMD|Win32
		{7070FA22-C0D4-40F5-BEB7-EC09F3A58A51}.DebugMD_ImportCML2_W|Win32.Build.0 = DebugMD|Win32
		{7070FA22-C0D4-40F5-BEB7-EC09F3A58A51}.DebugMD_ImportCML2|Win32.ActiveCfg = DebugMD|Win32
		{7070FA22-C0D4-40F5-BEB7-EC09F3A58A51}.DebugMD_ImportCML2|Win32.Build.0 = DebugMD|Win32
		{7070FA22-C0D4-40F5-BEB7-EC09F3A58A51}.DebugMD|Win32.ActiveCfg = DebugMD|Win32
		{7070FA22-C0D4-40F5-BEB7-EC09F3A58A51}.DebugMD|Win32.Build.0 = DebugMD|Win32
		{7070FA22-C0D4-40F5-BEB7-EC09F3A58A51}.DebugMDW|Win32.ActiveCfg = DebugMD|Win32
		{7070FA22-C0D4-40F5-BEB7-EC09F3A58A51}.DebugMDW|Win32.Build.0 = DebugMD|Win32
		{7070FA22-C0D4-40F5-BEB7-EC09F3A58A51}.Release_profile_W|Win32.ActiveCfg = Release_profile|Win32
		{7070FA22-C0D4-40F5-BEB7-EC09F3A58A51}.Release_profile_W|Win32.Build.0 = Release_profile|Win32
		{7070FA22-C0D4-40F5-BEB7-EC09F3A58A51}.Release_Profile|Win32.ActiveCfg = ReleaseDLL_Profile|Win32
		{7070FA22-C0D4-40F5-BEB7-EC09F3A58A51}.Release_Profile|Win32.Build.0 = ReleaseDLL_Profile|Win32
		{7070FA22-C0D4-40F5-BEB7-EC09F3A58A51}.Release_W|Win32.ActiveCfg = Release_profile|Win32
		{7070FA22-C0D4-40F5-BEB7-EC09F3A58A51}.Release_W|Win32.Build.0 = Release_profile|Win32
		{7070FA22-C0D4-40F5-BEB7-EC09F3A58A51}.Release|Win32.ActiveCfg = ReleaseDLL|Win32
		{7070FA22-C0D4-40F5-BEB7-EC09F3A58A51}.Release|Win32.Build.0 = ReleaseDLL|Win32
		{7070FA22-C0D4-40F5-BEB7-EC09F3A58A51}.ReleaseMD_ImportCML2|Win32.ActiveCfg = ReleaseMD|Win32
		{7070FA22-C0D4-40F5-BEB7-EC09F3A58A51}.ReleaseMD_ImportCML2|Win32.Build.0 = ReleaseMD|Win32
		{7070FA22-C0D4-40F5-BEB7-EC09F3A58A51}.ReleaseMD_W|Win32.ActiveCfg = ReleaseMD|Win32
		{7070FA22-C0D4-40F5-BEB7-EC09F3A58A51}.ReleaseMD_W|Win32.Build.0 = ReleaseMD|Win32
		{7070FA22-C0D4-40F5-BEB7-EC09F3A58A51}.ReleaseMD|Win32.ActiveCfg = ReleaseMD|Win32
		{7070FA22-C0D4-40F5-BEB7-EC09F3A58A51}.ReleaseMD|Win32.Build.0 = ReleaseMD|Win32
		{690DCE86-F101-4AF2-8AA4-873A5A887378}.Debug_duck|Win32.ActiveCfg = DebugMD_ImportCML2|Win32
		{690DCE86-F101-4AF2-8AA4-873A5A887378}.Debug_duck|Win32.Build.0 = DebugMD_ImportCML2|Win32
		{690DCE86-F101-4AF2-8AA4-873A5A887378}.Debug_W|Win32.ActiveCfg = Debug|Win32
		{690DCE86-F101-4AF2-8AA4-873A5A887378}.Debug_W|Win32.Build.0 = Debug|Win32
		{690DCE86-F101-4AF2-8AA4-873A5A887378}.Debug|Win32.ActiveCfg = DebugMD_ImportCML2|Win32
		{690DCE86-F101-4AF2-8AA4-873A5A887378}.Debug|Win32.Build.0 = DebugMD_ImportCML2|Win32
		{690DCE86-F101-4AF2-8AA4-873A5A887378}.DebugDLL|Win32.ActiveCfg = DebugMD|Win32
		{690DCE86-F101-4AF2-8AA4-873A5A887378}.DebugDLL|Win32.Build.0 = DebugMD|Win32
		{690DCE86-F101-4AF2-8AA4-873A5A887378}.DebugMD_ImportCML2_W|Win32.ActiveCfg = DebugMD_ImportCML2|Win32
		{690DCE86-F101-4AF2-8AA4-873A5A887378}.DebugMD_ImportCML2_W|Win32.Build.0 = DebugMD_ImportCML2|Win32
		{690DCE86-F101-4AF2-8AA4-873A5A887378}.DebugMD_ImportCML2|Win32.ActiveCfg = DebugMD_ImportCML2|Win32
		{690DCE86-F101-4AF2-8AA4-873A5A887378}.DebugMD_ImportCML2|Win32.Build.0 = DebugMD_ImportCML2|Win32
		{690DCE86-F101-4AF2-8AA4-873A5A887378}.DebugMD|Win32.ActiveCfg = DebugMD|Win32
		{690DCE86-F101-4AF2-8AA4-873A5A887378}.DebugMD|Win32.Build.0 = DebugMD|Win32
		{690DCE86-F101-4AF2-8AA4-873A5A887378}.DebugMDW|Win32.ActiveCfg = DebugMD|Win32
		{690DCE86-F101-4AF2-8AA4-873A5A887378}.DebugMDW|Win32.Build.0 = DebugMD|Win32
		{690DCE86-F101-4AF2-8AA4-873A5A887378}.Release_profile_W|Win32.ActiveCfg = Release|Win32
		{690DCE86-F101-4AF2-8AA4-873A5A887378}.Release_profile_W|Win32.Build.0 = Release|Win32
		{690DCE86-F101-4AF2-8AA4-873A5A887378}.Release_Profile|Win32.ActiveCfg = ReleaseMD_Import|Win32
		{690DCE86-F101-4AF2-8AA4-873A5A887378}.Release_Profile|Win32.Build.0 = ReleaseMD_Import|Win32
		{690DCE86-F101-4AF2-8AA4-873A5A887378}.Release_W|Win32.ActiveCfg = Release|Win32
		{690DCE86-F101-4AF2-8AA4-873A5A887378}.Release_W|Win32.Build.0 = Release|Win32
		{690DCE86-F101-4AF2-8AA4-873A5A887378}.Release|Win32.ActiveCfg = ReleaseMD_Import|Win32
		{690DCE86-F101-4AF2-8AA4-873A5A887378}.Release|Win32.Build.0 = ReleaseMD_Import|Win32
		{690DCE86-F101-4AF2-8AA4-873A5A887378}.ReleaseMD_ImportCML2|Win32.ActiveCfg = ReleaseMD_Import|Win32
		{690DCE86-F101-4AF2-8AA4-873A5A887378}.ReleaseMD_ImportCML2|Win32.Build.0 = ReleaseMD_Import|Win32
		{690DCE86-F101-4AF2-8AA4-873A5A887378}.ReleaseMD_W|Win32.ActiveCfg = ReleaseMD_Import|Win32
		{690DCE86-F101-4AF2-8AA4-873A5A887378}.ReleaseMD_W|Win32.Build.0 = ReleaseMD_Import|Win32
		{690DCE86-F101-4AF2-8AA4-873A5A887378}.ReleaseMD|Win32.ActiveCfg = ReleaseMD_Import|Win32
		{690DCE86-F101-4AF2-8AA4-873A5A887378}.ReleaseMD|Win32.Build.0 = ReleaseMD_Import|Win32
		{7ED97BBA-E770-4144-B656-C837FB08D1E7}.Debug_duck|Win32.ActiveCfg = DebugMD_ImportCML2|Win32
		{7ED97BBA-E770-4144-B656-C837FB08D1E7}.Debug_duck|Win32.Build.0 = DebugMD_ImportCML2|Win32
		{7ED97BBA-E770-4144-B656-C837FB08D1E7}.Debug_W|Win32.ActiveCfg = Debug|Win32
		{7ED97BBA-E770-4144-B656-C837FB08D1E7}.Debug_W|Win32.Build.0 = Debug|Win32
		{7ED97BBA-E770-4144-B656-C837FB08D1E7}.Debug|Win32.ActiveCfg = DebugMD_ImportCML2|Win32
		{7ED97BBA-E770-4144-B656-C837FB08D1E7}.Debug|Win32.Build.0 = DebugMD_ImportCML2|Win32
		{7ED97BBA-E770-4144-B656-C837FB08D1E7}.DebugDLL|Win32.ActiveCfg = DebugMD|Win32
		{7ED97BBA-E770-4144-B656-C837FB08D1E7}.DebugDLL|Win32.Build.0 = DebugMD|Win32
		{7ED97BBA-E770-4144-B656-C837FB08D1E7}.DebugMD_ImportCML2_W|Win32.ActiveCfg = DebugMD_ImportCML2|Win32
		{7ED97BBA-E770-4144-B656-C837FB08D1E7}.DebugMD_ImportCML2_W|Win32.Build.0 = DebugMD_ImportCML2|Win32
		{7ED97BBA-E770-4144-B656-C837FB08D1E7}.DebugMD_ImportCML2|Win32.ActiveCfg = DebugMD_ImportCML2|Win32
		{7ED97BBA-E770-4144-B656-C837FB08D1E7}.DebugMD_ImportCML2|Win32.Build.0 = DebugMD_ImportCML2|Win32
		{7ED97BBA-E770-4144-B656-C837FB08D1E7}.DebugMD|Win32.ActiveCfg = DebugMD|Win32
		{7ED97BBA-E770-4144-B656-C837FB08D1E7}.DebugMD|Win32.Build.0 = DebugMD|Win32
		{7ED97BBA-E770-4144-B656-C837FB08D1E7}.DebugMDW|Win32.ActiveCfg = DebugMD|Win32
		{7ED97BBA-E770-4144-B656-C837FB08D1E7}.DebugMDW|Win32.Build.0 = DebugMD|Win32
		{7ED97BBA-E770-4144-B656-C837FB08D1E7}.Release_profile_W|Win32.ActiveCfg = Release_profile|Win32
		{7ED97BBA-E770-4144-B656-C837FB08D1E7}.Release_profile_W|Win32.Build.0 = Release_profile|Win32
		{7ED97BBA-E770-4144-B656-C837FB08D1E7}.Release_Profile|Win32.ActiveCfg = ReleaseMD_ImportCML2|Win32
		{7ED97BBA-E770-4144-B656-C837FB08D1E7}.Release_Profile|Win32.Build.0 = ReleaseMD_ImportCML2|Win32
		{7ED97BBA-E770-4144-B656-C837FB08D1E7}.Release_W|Win32.ActiveCfg = Release_profile|Win32
		{7ED97BBA-E770-4144-B656-C837FB08D1E7}.Release_W|Win32.Build.0 = Release_profile|Win32
		{7ED97BBA-E770-4144-B656-C837FB08D1E7}.Release|Win32.ActiveCfg = ReleaseMD_ImportCML2|Win32
		{7ED97BBA-E770-4144-B656-C837FB08D1E7}.Release|Win32.Build.0 = ReleaseMD_ImportCML2|Win32
		{7ED97BBA-E770-4144-B656-C837FB08D1E7}.ReleaseMD_ImportCML2|Win32.ActiveCfg = ReleaseMD_ImportCML2|Win32
		{7ED97BBA-E770-4144-B656-C837FB08D1E7}.ReleaseMD_ImportCML2|Win32.Build.0 = ReleaseMD_ImportCML2|Win32
		{7ED97BBA-E770-4144-B656-C837FB08D1E7}.ReleaseMD_W|Win32.ActiveCfg = ReleaseMD_ImportCML2|Win32
		{7ED97BBA-E770-4144-B656-C837FB08D1E7}.ReleaseMD_W|Win32.Build.0 = ReleaseMD_ImportCML2|Win32
		{7ED97BBA-E770-4144-B656-C837FB08D1E7}.ReleaseMD|Win32.ActiveCfg = ReleaseMD|Win32
		{7ED97BBA-E770-4144-B656-C837FB08D1E7}.ReleaseMD|Win32.Build.0 = ReleaseMD|Win32
		{20B5465D-8790-43FA-A2A2-EE29F3F0F9BC}.Debug_duck|Win32.ActiveCfg = DebugMD_Import|Win32
		{20B5465D-8790-43FA-A2A2-EE29F3F0F9BC}.Debug_duck|Win32.Build.0 = DebugMD_Import|Win32
		{20B5465D-8790-43FA-A2A2-EE29F3F0F9BC}.Debug_W|Win32.ActiveCfg = Debug|Win32
		{20B5465D-8790-43FA-A2A2-EE29F3F0F9BC}.Debug_W|Win32.Build.0 = Debug|Win32
		{20B5465D-8790-43FA-A2A2-EE29F3F0F9BC}.Debug|Win32.ActiveCfg = DebugMD_Import|Win32
		{20B5465D-8790-43FA-A2A2-EE29F3F0F9BC}.Debug|Win32.Build.0 = DebugMD_Import|Win32
		{20B5465D-8790-43FA-A2A2-EE29F3F0F9BC}.DebugDLL|Win32.ActiveCfg = DebugMD|Win32
		{20B5465D-8790-43FA-A2A2-EE29F3F0F9BC}.DebugDLL|Win32.Build.0 = DebugMD|Win32
		{20B5465D-8790-43FA-A2A2-EE29F3F0F9BC}.DebugMD_ImportCML2_W|Win32.ActiveCfg = DebugMD_Import|Win32
		{20B5465D-8790-43FA-A2A2-EE29F3F0F9BC}.DebugMD_ImportCML2_W|Win32.Build.0 = DebugMD_Import|Win32
		{20B5465D-8790-43FA-A2A2-EE29F3F0F9BC}.DebugMD_ImportCML2|Win32.ActiveCfg = DebugMD_Import|Win32
		{20B5465D-8790-43FA-A2A2-EE29F3F0F9BC}.DebugMD_ImportCML2|Win32.Build.0 = DebugMD_Import|Win32
		{20B5465D-8790-43FA-A2A2-EE29F3F0F9BC}.DebugMD|Win32.ActiveCfg = DebugMD|Win32
		{20B5465D-8790-43FA-A2A2-EE29F3F0F9BC}.DebugMD|Win32.Build.0 = DebugMD|Win32
		{20B5465D-8790-43FA-A2A2-EE29F3F0F9BC}.DebugMDW|Win32.ActiveCfg = DebugMD|Win32
		{20B5465D-8790-43FA-A2A2-EE29F3F0F9BC}.DebugMDW|Win32.Build.0 = DebugMD|Win32
		{20B5465D-8790-43FA-A2A2-EE29F3F0F9BC}.Release_profile_W|Win32.ActiveCfg = Release|Win32
		{20B5465D-8790-43FA-A2A2-EE29F3F0F9BC}.Release_profile_W|Win32.Build.0 = Release|Win32
		{20B5465D-8790-43FA-A2A2-EE29F3F0F9BC}.Release_Profile|Win32.ActiveCfg = ReleaseMD_Import|Win32
		{20B5465D-8790-43FA-A2A2-EE29F3F0F9BC}.Release_Profile|Win32.Build.0 = ReleaseMD_Import|Win32
		{20B5465D-8790-43FA-A2A2-EE29F3F0F9BC}.Release_W|Win32.ActiveCfg = Release|Win32
		{20B5465D-8790-43FA-A2A2-EE29F3F0F9BC}.Release_W|Win32.Build.0 = Release|Win32
		{20B5465D-8790-43FA-A2A2-EE29F3F0F9BC}.Release|Win32.ActiveCfg = ReleaseMD_Import|Win32
		{20B5465D-8790-43FA-A2A2-EE29F3F0F9BC}.Release|Win32.Build.0 = ReleaseMD_Import|Win32
		{20B5465D-8790-43FA-A2A2-EE29F3F0F9BC}.ReleaseMD_ImportCML2|Win32.ActiveCfg = ReleaseMD_Import|Win32
		{20B5465D-8790-43FA-A2A2-EE29F3F0F9BC}.ReleaseMD_ImportCML2|Win32.Build.0 = ReleaseMD_Import|Win32
		{20B5465D-8790-43FA-A2A2-EE29F3F0F9BC}.ReleaseMD_W|Win32.ActiveCfg = ReleaseMD_Import|Win32
		{20B5465D-8790-43FA-A2A2-EE29F3F0F9BC}.ReleaseMD_W|Win32.Build.0 = ReleaseMD_Import|Win32
		{20B5465D-8790-43FA-A2A2-EE29F3F0F9BC}.ReleaseMD|Win32.ActiveCfg = ReleaseMD|Win32
		{20B5465D-8790-43FA-A2A2-EE29F3F0F9BC}.ReleaseMD|Win32.Build.0 = ReleaseMD|Win32
		{A1019D76-911A-4A80-B780-16F247E2F2AD}.Debug_duck|Win32.ActiveCfg = DebugMD_Import|Win32
		{A1019D76-911A-4A80-B780-16F247E2F2AD}.Debug_duck|Win32.Build.0 = DebugMD_Import|Win32
		{A1019D76-911A-4A80-B780-16F247E2F2AD}.Debug_W|Win32.ActiveCfg = Debug|Win32
		{A1019D76-911A-4A80-B780-16F247E2F2AD}.Debug_W|Win32.Build.0 = Debug|Win32
		{A1019D76-911A-4A80-B780-16F247E2F2AD}.Debug|Win32.ActiveCfg = DebugMD_Import|Win32
		{A1019D76-911A-4A80-B780-16F247E2F2AD}.Debug|Win32.Build.0 = DebugMD_Import|Win32
		{A1019D76-911A-4A80-B780-16F247E2F2AD}.DebugDLL|Win32.ActiveCfg = DebugMD|Win32
		{A1019D76-911A-4A80-B780-16F247E2F2AD}.DebugDLL|Win32.Build.0 = DebugMD|Win32
		{A1019D76-911A-4A80-B780-16F247E2F2AD}.DebugMD_ImportCML2_W|Win32.ActiveCfg = DebugMD_Import|Win32
		{A1019D76-911A-4A80-B780-16F247E2F2AD}.DebugMD_ImportCML2_W|Win32.Build.0 = DebugMD_Import|Win32
		{A1019D76-911A-4A80-B780-16F247E2F2AD}.DebugMD_ImportCML2|Win32.ActiveCfg = DebugMD_Import|Win32
		{A1019D76-911A-4A80-B780-16F247E2F2AD}.DebugMD_ImportCML2|Win32.Build.0 = DebugMD_Import|Win32
		{A1019D76-911A-4A80-B780-16F247E2F2AD}.DebugMD|Win32.ActiveCfg = DebugMD|Win32
		{A1019D76-911A-4A80-B780-16F247E2F2AD}.DebugMD|Win32.Build.0 = DebugMD|Win32
		{A1019D76-911A-4A80-B780-16F247E2F2AD}.DebugMDW|Win32.ActiveCfg = DebugMD|Win32
		{A1019D76-911A-4A80-B780-16F247E2F2AD}.DebugMDW|Win32.Build.0 = DebugMD|Win32
		{A1019D76-911A-4A80-B780-16F247E2F2AD}.Release_profile_W|Win32.ActiveCfg = Release|Win32
		{A1019D76-911A-4A80-B780-16F247E2F2AD}.Release_profile_W|Win32.Build.0 = Release|Win32
		{A1019D76-911A-4A80-B780-16F247E2F2AD}.Release_Profile|Win32.ActiveCfg = ReleaseMD_Import|Win32
		{A1019D76-911A-4A80-B780-16F247E2F2AD}.Release_Profile|Win32.Build.0 = ReleaseMD_Import|Win32
		{A1019D76-911A-4A80-B780-16F247E2F2AD}.Release_W|Win32.ActiveCfg = Release|Win32
		{A1019D76-911A-4A80-B780-16F247E2F2AD}.Release_W|Win32.Build.0 = Release|Win32
		{A1019D76-911A-4A80-B780-16F247E2F2AD}.Release|Win32.ActiveCfg = ReleaseMD_Import|Win32
		{A1019D76-911A-4A80-B780-16F247E2F2AD}.Release|Win32.Build.0 = ReleaseMD_Import|Win32
		{A1019D76-911A-4A80-B780-16F247E2F2AD}.ReleaseMD_ImportCML2|Win32.ActiveCfg = ReleaseMD_Import|Win32
		{A1019D76-911A-4A80-B780-16F247E2F2AD}.ReleaseMD_ImportCML2|Win32.Build.0 = ReleaseMD_Import|Win32
		{A1019D76-911A-4A80-B780-16F247E2F2AD}.ReleaseMD_W|Win32.ActiveCfg = ReleaseMD_Import|Win32
		{A1019D76-911A-4A80-B780-16F247E2F2AD}.ReleaseMD_W|Win32.Build.0 = ReleaseMD_Import|Win32
		{A1019D76-911A-4A80-B780-16F247E2F2AD}.ReleaseMD|Win32.ActiveCfg = ReleaseMD|Win32
		{A1019D76-911A-4A80-B780-16F247E2F2AD}.ReleaseMD|Win32.Build.0 = ReleaseMD|Win32
		{97861011-05BD-450A-A221-DB5F7A2F4B7B}.Debug_duck|Win32.ActiveCfg = DebugMD_ImportCML2|Win32
		{97861011-05BD-450A-A221-DB5F7A2F4B7B}.Debug_duck|Win32.Build.0 = DebugMD_ImportCML2|Win32
		{97861011-05BD-450A-A221-DB5F7A2F4B7B}.Debug_W|Win32.ActiveCfg = Debug|Win32
		{97861011-05BD-450A-A221-DB5F7A2F4B7B}.Debug_W|Win32.Build.0 = Debug|Win32
		{97861011-05BD-450A-A221-DB5F7A2F4B7B}.Debug|Win32.ActiveCfg = DebugMD_ImportCML2|Win32
		{97861011-05BD-450A-A221-DB5F7A2F4B7B}.Debug|Win32.Build.0 = DebugMD_ImportCML2|Win32
		{97861011-05BD-450A-A221-DB5F7A2F4B7B}.DebugDLL|Win32.ActiveCfg = DebugMD|Win32
		{97861011-05BD-450A-A221-DB5F7A2F4B7B}.DebugDLL|Win32.Build.0 = DebugMD|Win32
		{97861011-05BD-450A-A221-DB5F7A2F4B7B}.DebugMD_ImportCML2_W|Win32.ActiveCfg = DebugMD_ImportCML2|Win32
		{97861011-05BD-450A-A221-DB5F7A2F4B7B}.DebugMD_ImportCML2_W|Win32.Build.0 = DebugMD_ImportCML2|Win32
		{97861011-05BD-450A-A221-DB5F7A2F4B7B}.DebugMD_ImportCML2|Win32.ActiveCfg = DebugMD_ImportCML2|Win32
		{97861011-05BD-450A-A221-DB5F7A2F4B7B}.DebugMD_ImportCML2|Win32.Build.0 = DebugMD_ImportCML2|Win32
		{97861011-05BD-450A-A221-DB5F7A2F4B7B}.DebugMD|Win32.ActiveCfg = DebugMD|Win32
		{97861011-05BD-450A-A221-DB5F7A2F4B7B}.DebugMD|Win32.Build.0 = DebugMD|Win32
		{97861011-05BD-450A-A221-DB5F7A2F4B7B}.DebugMDW|Win32.ActiveCfg = DebugMD|Win32
		{97861011-05BD-450A-A221-DB5F7A2F4B7B}.DebugMDW|Win32.Build.0 = DebugMD|Win32
		{97861011-05BD-450A-A221-DB5F7A2F4B7B}.Release_profile_W|Win32.ActiveCfg = Release_profile|Win32
		{97861011-05BD-450A-A221-DB5F7A2F4B7B}.Release_profile_W|Win32.Build.0 = Release_profile|Win32
		{97861011-05BD-450A-A221-DB5F7A2F4B7B}.Release_Profile|Win32.ActiveCfg = ReleaseMD_ImportCML2|Win32
		{97861011-05BD-450A-A221-DB5F7A2F4B7B}.Release_Profile|Win32.Build.0 = ReleaseMD_ImportCML2|Win32
		{97861011-05BD-450A-A221-DB5F7A2F4B7B}.Release_W|Win32.ActiveCfg = Release_profile|Win32
		{97861011-05BD-450A-A221-DB5F7A2F4B7B}.Release_W|Win32.Build.0 = Release_profile|Win32
		{97861011-05BD-450A-A221-DB5F7A2F4B7B}.Release|Win32.ActiveCfg = ReleaseMD_ImportCML2|Win32
		{97861011-05BD-450A-A221-DB5F7A2F4B7B}.Release|Win32.Build.0 = ReleaseMD_ImportCML2|Win32
		{97861011-05BD-450A-A221-DB5F7A2F4B7B}.ReleaseMD_ImportCML2|Win32.ActiveCfg = ReleaseMD_ImportCML2|Win32
		{97861011-05BD-450A-A221-DB5F7A2F4B7B}.ReleaseMD_ImportCML2|Win32.Build.0 = ReleaseMD_ImportCML2|Win32
		{97861011-05BD-450A-A221-DB5F7A2F4B7B}.ReleaseMD_W|Win32.ActiveCfg = ReleaseMD_ImportCML2|Win32
		{97861011-05BD-450A-A221-DB5F7A2F4B7B}.ReleaseMD_W|Win32.Build.0 = ReleaseMD_ImportCML2|Win32
		{97861011-05BD-450A-A221-DB5F7A2F4B7B}.ReleaseMD|Win32.ActiveCfg = ReleaseMD|Win32
		{97861011-05BD-450A-A221-DB5F7A2F4B7B}.ReleaseMD|Win32.Build.0 = ReleaseMD|Win32
		{94A262D9-481E-423E-BAA8-AC4D3CD8E527}.Debug_duck|Win32.ActiveCfg = DebugMD_Import|Win32
		{94A262D9-481E-423E-BAA8-AC4D3CD8E527}.Debug_duck|Win32.Build.0 = DebugMD_Import|Win32
		{94A262D9-481E-423E-BAA8-AC4D3CD8E527}.Debug_W|Win32.ActiveCfg = Debug|Win32
		{94A262D9-481E-423E-BAA8-AC4D3CD8E527}.Debug_W|Win32.Build.0 = Debug|Win32
		{94A262D9-481E-423E-BAA8-AC4D3CD8E527}.Debug|Win32.ActiveCfg = DebugMD_Import|Win32
		{94A262D9-481E-423E-BAA8-AC4D3CD8E527}.Debug|Win32.Build.0 = DebugMD_Import|Win32
		{94A262D9-481E-423E-BAA8-AC4D3CD8E527}.DebugDLL|Win32.ActiveCfg = DebugMD|Win32
		{94A262D9-481E-423E-BAA8-AC4D3CD8E527}.DebugDLL|Win32.Build.0 = DebugMD|Win32
		{94A262D9-481E-423E-BAA8-AC4D3CD8E527}.DebugMD_ImportCML2_W|Win32.ActiveCfg = DebugMD_Import|Win32
		{94A262D9-481E-423E-BAA8-AC4D3CD8E527}.DebugMD_ImportCML2_W|Win32.Build.0 = DebugMD_Import|Win32
		{94A262D9-481E-423E-BAA8-AC4D3CD8E527}.DebugMD_ImportCML2|Win32.ActiveCfg = DebugMD_Import|Win32
		{94A262D9-481E-423E-BAA8-AC4D3CD8E527}.DebugMD_ImportCML2|Win32.Build.0 = DebugMD_Import|Win32
		{94A262D9-481E-423E-BAA8-AC4D3CD8E527}.DebugMD|Win32.ActiveCfg = DebugMD|Win32
		{94A262D9-481E-423E-BAA8-AC4D3CD8E527}.DebugMD|Win32.Build.0 = DebugMD|Win32
		{94A262D9-481E-423E-BAA8-AC4D3CD8E527}.DebugMDW|Win32.ActiveCfg = DebugMD|Win32
		{94A262D9-481E-423E-BAA8-AC4D3CD8E527}.DebugMDW|Win32.Build.0 = DebugMD|Win32
		{94A262D9-481E-423E-BAA8-AC4D3CD8E527}.Release_profile_W|Win32.ActiveCfg = Release|Win32
		{94A262D9-481E-423E-BAA8-AC4D3CD8E527}.Release_profile_W|Win32.Build.0 = Release|Win32
		{94A262D9-481E-423E-BAA8-AC4D3CD8E527}.Release_Profile|Win32.ActiveCfg = ReleaseMD_Import|Win32
		{94A262D9-481E-423E-BAA8-AC4D3CD8E527}.Release_Profile|Win32.Build.0 = ReleaseMD_Import|Win32
		{94A262D9-481E-423E-BAA8-AC4D3CD8E527}.Release_W|Win32.ActiveCfg = Release|Win32
		{94A262D9-481E-423E-BAA8-AC4D3CD8E527}.Release_W|Win32.Build.0 = Release|Win32
		{94A262D9-481E-423E-BAA8-AC4D3CD8E527}.Release|Win32.ActiveCfg = ReleaseMD_Import|Win32
		{94A262D9-481E-423E-BAA8-AC4D3CD8E527}.Release|Win32.Build.0 = ReleaseMD_Import|Win32
		{94A262D9-481E-423E-BAA8-AC4D3CD8E527}.ReleaseMD_ImportCML2|Win32.ActiveCfg = ReleaseMD_Import|Win32
		{94A262D9-481E-423E-BAA8-AC4D3CD8E527}.ReleaseMD_ImportCML2|Win32.Build.0 = ReleaseMD_Import|Win32
		{94A262D9-481E-423E-BAA8-AC4D3CD8E527}.ReleaseMD_W|Win32.ActiveCfg = ReleaseMD_Import|Win32
		{94A262D9-481E-423E-BAA8-AC4D3CD8E527}.ReleaseMD_W|Win32.Build.0 = ReleaseMD_Import|Win32
		{94A262D9-481E-423E-BAA8-AC4D3CD8E527}.ReleaseMD|Win32.ActiveCfg = ReleaseMD|Win32
		{94A262D9-481E-423E-BAA8-AC4D3CD8E527}.ReleaseMD|Win32.Build.0 = ReleaseMD|Win32
		{7DCC03B9-DD72-4803-AEE2-1F2BE6CE60C2}.Debug_duck|Win32.ActiveCfg = Debug_pyo|Win32
		{7DCC03B9-DD72-4803-AEE2-1F2BE6CE60C2}.Debug_duck|Win32.Build.0 = Debug_pyo|Win32
		{7DCC03B9-DD72-4803-AEE2-1F2BE6CE60C2}.Debug_W|Win32.ActiveCfg = Debug_pyo|Win32
		{7DCC03B9-DD72-4803-AEE2-1F2BE6CE60C2}.Debug_W|Win32.Build.0 = Debug_pyo|Win32
		{7DCC03B9-DD72-4803-AEE2-1F2BE6CE60C2}.Debug|Win32.ActiveCfg = DebugMD|Win32
		{7DCC03B9-DD72-4803-AEE2-1F2BE6CE60C2}.Debug|Win32.Build.0 = DebugMD|Win32
		{7DCC03B9-DD72-4803-AEE2-1F2BE6CE60C2}.DebugDLL|Win32.ActiveCfg = DebugDLL|Win32
		{7DCC03B9-DD72-4803-AEE2-1F2BE6CE60C2}.DebugDLL|Win32.Build.0 = DebugDLL|Win32
		{7DCC03B9-DD72-4803-AEE2-1F2BE6CE60C2}.DebugMD_ImportCML2_W|Win32.ActiveCfg = DebugMD_ImportCML2|Win32
		{7DCC03B9-DD72-4803-AEE2-1F2BE6CE60C2}.DebugMD_ImportCML2_W|Win32.Build.0 = DebugMD_ImportCML2|Win32
		{7DCC03B9-DD72-4803-AEE2-1F2BE6CE60C2}.DebugMD_ImportCML2|Win32.ActiveCfg = DebugMD_ImportCML2|Win32
		{7DCC03B9-DD72-4803-AEE2-1F2BE6CE60C2}.DebugMD_ImportCML2|Win32.Build.0 = DebugMD_ImportCML2|Win32
		{7DCC03B9-DD72-4803-AEE2-1F2BE6CE60C2}.DebugMD|Win32.ActiveCfg = DebugMD|Win32
		{7DCC03B9-DD72-4803-AEE2-1F2BE6CE60C2}.DebugMD|Win32.Build.0 = DebugMD|Win32
		{7DCC03B9-DD72-4803-AEE2-1F2BE6CE60C2}.DebugMDW|Win32.ActiveCfg = DebugMDW|Win32
		{7DCC03B9-DD72-4803-AEE2-1F2BE6CE60C2}.DebugMDW|Win32.Build.0 = DebugMDW|Win32
		{7DCC03B9-DD72-4803-AEE2-1F2BE6CE60C2}.Release_profile_W|Win32.ActiveCfg = Release_profile|Win32
		{7DCC03B9-DD72-4803-AEE2-1F2BE6CE60C2}.Release_profile_W|Win32.Build.0 = Release_profile|Win32
		{7DCC03B9-DD72-4803-AEE2-1F2BE6CE60C2}.Release_Profile|Win32.ActiveCfg = ReleaseMD|Win32
		{7DCC03B9-DD72-4803-AEE2-1F2BE6CE60C2}.Release_Profile|Win32.Build.0 = ReleaseMD|Win32
		{7DCC03B9-DD72-4803-AEE2-1F2BE6CE60C2}.Release_W|Win32.ActiveCfg = Release_publish|Win32
		{7DCC03B9-DD72-4803-AEE2-1F2BE6CE60C2}.Release_W|Win32.Build.0 = Release_publish|Win32
		{7DCC03B9-DD72-4803-AEE2-1F2BE6CE60C2}.Release|Win32.ActiveCfg = ReleaseMD|Win32
		{7DCC03B9-DD72-4803-AEE2-1F2BE6CE60C2}.Release|Win32.Build.0 = ReleaseMD|Win32
		{7DCC03B9-DD72-4803-AEE2-1F2BE6CE60C2}.ReleaseMD_ImportCML2|Win32.ActiveCfg = ReleaseMD_ImportCML2|Win32
		{7DCC03B9-DD72-4803-AEE2-1F2BE6CE60C2}.ReleaseMD_ImportCML2|Win32.Build.0 = ReleaseMD_ImportCML2|Win32
		{7DCC03B9-DD72-4803-AEE2-1F2BE6CE60C2}.ReleaseMD_W|Win32.ActiveCfg = ReleaseMD_ImportCML2|Win32
		{7DCC03B9-DD72-4803-AEE2-1F2BE6CE60C2}.ReleaseMD_W|Win32.Build.0 = ReleaseMD_ImportCML2|Win32
		{7DCC03B9-DD72-4803-AEE2-1F2BE6CE60C2}.ReleaseMD|Win32.ActiveCfg = ReleaseMD|Win32
		{7DCC03B9-DD72-4803-AEE2-1F2BE6CE60C2}.ReleaseMD|Win32.Build.0 = ReleaseMD|Win32
		{53F2D752-312F-4002-84D9-009145832CCA}.Debug_duck|Win32.ActiveCfg = Debug|Win32
		{53F2D752-312F-4002-84D9-009145832CCA}.Debug_duck|Win32.Build.0 = Debug|Win32
		{53F2D752-312F-4002-84D9-009145832CCA}.Debug_W|Win32.ActiveCfg = Debug|Win32
		{53F2D752-312F-4002-84D9-009145832CCA}.Debug_W|Win32.Build.0 = Debug|Win32
		{53F2D752-312F-4002-84D9-009145832CCA}.Debug|Win32.ActiveCfg = Debug|Win32
		{53F2D752-312F-4002-84D9-009145832CCA}.Debug|Win32.Build.0 = Debug|Win32
		{53F2D752-312F-4002-84D9-009145832CCA}.DebugDLL|Win32.ActiveCfg = Debug|Win32
		{53F2D752-312F-4002-84D9-009145832CCA}.DebugDLL|Win32.Build.0 = Debug|Win32
		{53F2D752-312F-4002-84D9-009145832CCA}.DebugMD_ImportCML2_W|Win32.ActiveCfg = Debug|Win32
		{53F2D752-312F-4002-84D9-009145832CCA}.DebugMD_ImportCML2_W|Win32.Build.0 = Debug|Win32
		{53F2D752-312F-4002-84D9-009145832CCA}.DebugMD_ImportCML2|Win32.ActiveCfg = Debug|Win32
		{53F2D752-312F-4002-84D9-009145832CCA}.DebugMD_ImportCML2|Win32.Build.0 = Debug|Win32
		{53F2D752-312F-4002-84D9-009145832CCA}.DebugMD|Win32.ActiveCfg = Debug|Win32
		{53F2D752-312F-4002-84D9-009145832CCA}.DebugMD|Win32.Build.0 = Debug|Win32
		{53F2D752-312F-4002-84D9-009145832CCA}.DebugMDW|Win32.ActiveCfg = Debug|Win32
		{53F2D752-312F-4002-84D9-009145832CCA}.DebugMDW|Win32.Build.0 = Debug|Win32
		{53F2D752-312F-4002-84D9-009145832CCA}.Release_profile_W|Win32.ActiveCfg = Release|Win32
		{53F2D752-312F-4002-84D9-009145832CCA}.Release_profile_W|Win32.Build.0 = Release|Win32
		{53F2D752-312F-4002-84D9-009145832CCA}.Release_Profile|Win32.ActiveCfg = Release|Win32
		{53F2D752-312F-4002-84D9-009145832CCA}.Release_Profile|Win32.Build.0 = Release|Win32
		{53F2D752-312F-4002-84D9-009145832CCA}.Release_W|Win32.ActiveCfg = Release|Win32
		{53F2D752-312F-4002-84D9-009145832CCA}.Release_W|Win32.Build.0 = Release|Win32
		{53F2D752-312F-4002-84D9-009145832CCA}.Release|Win32.ActiveCfg = Release|Win32
		{53F2D752-312F-4002-84D9-009145832CCA}.Release|Win32.Build.0 = Release|Win32
		{53F2D752-312F-4002-84D9-009145832CCA}.ReleaseMD_ImportCML2|Win32.ActiveCfg = Release|Win32
		{53F2D752-312F-4002-84D9-009145832CCA}.ReleaseMD_ImportCML2|Win32.Build.0 = Release|Win32
		{53F2D752-312F-4002-84D9-009145832CCA}.ReleaseMD_W|Win32.ActiveCfg = Release|Win32
		{53F2D752-312F-4002-84D9-009145832CCA}.ReleaseMD_W|Win32.Build.0 = Release|Win32
		{53F2D752-312F-4002-84D9-009145832CCA}.ReleaseMD|Win32.ActiveCfg = Release|Win32
		{53F2D752-312F-4002-84D9-009145832CCA}.ReleaseMD|Win32.Build.0 = Release|Win32
		{3DE14F45-2931-4E41-8115-06687E36288F}.Debug_duck|Win32.ActiveCfg = DebugMD|Win32
		{3DE14F45-2931-4E41-8115-06687E36288F}.Debug_duck|Win32.Build.0 = DebugMD|Win32
		{3DE14F45-2931-4E41-8115-06687E36288F}.Debug_W|Win32.ActiveCfg = Debug|Win32
		{3DE14F45-2931-4E41-8115-06687E36288F}.Debug_W|Win32.Build.0 = Debug|Win32
		{3DE14F45-2931-4E41-8115-06687E36288F}.Debug|Win32.ActiveCfg = DebugMD|Win32
		{3DE14F45-2931-4E41-8115-06687E36288F}.Debug|Win32.Build.0 = DebugMD|Win32
		{3DE14F45-2931-4E41-8115-06687E36288F}.DebugDLL|Win32.ActiveCfg = Debug|Win32
		{3DE14F45-2931-4E41-8115-06687E36288F}.DebugDLL|Win32.Build.0 = Debug|Win32
		{3DE14F45-2931-4E41-8115-06687E36288F}.DebugMD_ImportCML2_W|Win32.ActiveCfg = DebugMD|Win32
		{3DE14F45-2931-4E41-8115-06687E36288F}.DebugMD_ImportCML2_W|Win32.Build.0 = DebugMD|Win32
		{3DE14F45-2931-4E41-8115-06687E36288F}.DebugMD_ImportCML2|Win32.ActiveCfg = DebugMD|Win32
		{3DE14F45-2931-4E41-8115-06687E36288F}.DebugMD_ImportCML2|Win32.Build.0 = DebugMD|Win32
		{3DE14F45-2931-4E41-8115-06687E36288F}.DebugMD|Win32.ActiveCfg = DebugMD|Win32
		{3DE14F45-2931-4E41-8115-06687E36288F}.DebugMD|Win32.Build.0 = DebugMD|Win32
		{3DE14F45-2931-4E41-8115-06687E36288F}.DebugMDW|Win32.ActiveCfg = DebugMD|Win32
		{3DE14F45-2931-4E41-8115-06687E36288F}.DebugMDW|Win32.Build.0 = DebugMD|Win32
		{3DE14F45-2931-4E41-8115-06687E36288F}.Release_profile_W|Win32.ActiveCfg = Release|Win32
		{3DE14F45-2931-4E41-8115-06687E36288F}.Release_profile_W|Win32.Build.0 = Release|Win32
		{3DE14F45-2931-4E41-8115-06687E36288F}.Release_Profile|Win32.ActiveCfg = ReleaseMD|Win32
		{3DE14F45-2931-4E41-8115-06687E36288F}.Release_Profile|Win32.Build.0 = ReleaseMD|Win32
		{3DE14F45-2931-4E41-8115-06687E36288F}.Release_W|Win32.ActiveCfg = Release|Win32
		{3DE14F45-2931-4E41-8115-06687E36288F}.Release_W|Win32.Build.0 = Release|Win32
		{3DE14F45-2931-4E41-8115-06687E36288F}.Release|Win32.ActiveCfg = ReleaseMD|Win32
		{3DE14F45-2931-4E41-8115-06687E36288F}.Release|Win32.Build.0 = ReleaseMD|Win32
		{3DE14F45-2931-4E41-8115-06687E36288F}.ReleaseMD_ImportCML2|Win32.ActiveCfg = ReleaseMD|Win32
		{3DE14F45-2931-4E41-8115-06687E36288F}.ReleaseMD_ImportCML2|Win32.Build.0 = ReleaseMD|Win32
		{3DE14F45-2931-4E41-8115-06687E36288F}.ReleaseMD_W|Win32.ActiveCfg = ReleaseMD|Win32
		{3DE14F45-2931-4E41-8115-06687E36288F}.ReleaseMD_W|Win32.Build.0 = ReleaseMD|Win32
		{3DE14F45-2931-4E41-8115-06687E36288F}.ReleaseMD|Win32.ActiveCfg = ReleaseMD|Win32
		{3DE14F45-2931-4E41-8115-06687E36288F}.ReleaseMD|Win32.Build.0 = ReleaseMD|Win32
		{ADA8A51E-6AF1-4BB3-A15A-B7F5955C4129}.Debug_duck|Win32.ActiveCfg = Debug|Win32
		{ADA8A51E-6AF1-4BB3-A15A-B7F5955C4129}.Debug_duck|Win32.Build.0 = Debug|Win32
		{ADA8A51E-6AF1-4BB3-A15A-B7F5955C4129}.Debug_W|Win32.ActiveCfg = Debug|Win32
		{ADA8A51E-6AF1-4BB3-A15A-B7F5955C4129}.Debug_W|Win32.Build.0 = Debug|Win32
		{ADA8A51E-6AF1-4BB3-A15A-B7F5955C4129}.Debug|Win32.ActiveCfg = Debug|Win32
		{ADA8A51E-6AF1-4BB3-A15A-B7F5955C4129}.Debug|Win32.Build.0 = Debug|Win32
		{ADA8A51E-6AF1-4BB3-A15A-B7F5955C4129}.DebugDLL|Win32.ActiveCfg = Debug|Win32
		{ADA8A51E-6AF1-4BB3-A15A-B7F5955C4129}.DebugDLL|Win32.Build.0 = Debug|Win32
		{ADA8A51E-6AF1-4BB3-A15A-B7F5955C4129}.DebugMD_ImportCML2_W|Win32.ActiveCfg = Debug|Win32
		{ADA8A51E-6AF1-4BB3-A15A-B7F5955C4129}.DebugMD_ImportCML2_W|Win32.Build.0 = Debug|Win32
		{ADA8A51E-6AF1-4BB3-A15A-B7F5955C4129}.DebugMD_ImportCML2|Win32.ActiveCfg = Debug|Win32
		{ADA8A51E-6AF1-4BB3-A15A-B7F5955C4129}.DebugMD_ImportCML2|Win32.Build.0 = Debug|Win32
		{ADA8A51E-6AF1-4BB3-A15A-B7F5955C4129}.DebugMD|Win32.ActiveCfg = Debug|Win32
		{ADA8A51E-6AF1-4BB3-A15A-B7F5955C4129}.DebugMD|Win32.Build.0 = Debug|Win32
		{ADA8A51E-6AF1-4BB3-A15A-B7F5955C4129}.DebugMDW|Win32.ActiveCfg = Debug|Win32
		{ADA8A51E-6AF1-4BB3-A15A-B7F5955C4129}.DebugMDW|Win32.Build.0 = Debug|Win32
		{ADA8A51E-6AF1-4BB3-A15A-B7F5955C4129}.Release_profile_W|Win32.ActiveCfg = Release|Win32
		{ADA8A51E-6AF1-4BB3-A15A-B7F5955C4129}.Release_profile_W|Win32.Build.0 = Release|Win32
		{ADA8A51E-6AF1-4BB3-A15A-B7F5955C4129}.Release_Profile|Win32.ActiveCfg = Release|Win32
		{ADA8A51E-6AF1-4BB3-A15A-B7F5955C4129}.Release_Profile|Win32.Build.0 = Release|Win32
		{ADA8A51E-6AF1-4BB3-A15A-B7F5955C4129}.Release_W|Win32.ActiveCfg = Release|Win32
		{ADA8A51E-6AF1-4BB3-A15A-B7F5955C4129}.Release_W|Win32.Build.0 = Release|Win32
		{ADA8A51E-6AF1-4BB3-A15A-B7F5955C4129}.Release|Win32.ActiveCfg = Release|Win32
		{ADA8A51E-6AF1-4BB3-A15A-B7F5955C4129}.Release|Win32.Build.0 = Release|Win32
		{ADA8A51E-6AF1-4BB3-A15A-B7F5955C4129}.ReleaseMD_ImportCML2|Win32.ActiveCfg = Release|Win32
		{ADA8A51E-6AF1-4BB3-A15A-B7F5955C4129}.ReleaseMD_ImportCML2|Win32.Build.0 = Release|Win32
		{ADA8A51E-6AF1-4BB3-A15A-B7F5955C4129}.ReleaseMD_W|Win32.ActiveCfg = Release|Win32
		{ADA8A51E-6AF1-4BB3-A15A-B7F5955C4129}.ReleaseMD_W|Win32.Build.0 = Release|Win32
		{ADA8A51E-6AF1-4BB3-A15A-B7F5955C4129}.ReleaseMD|Win32.ActiveCfg = Release|Win32
		{ADA8A51E-6AF1-4BB3-A15A-B7F5955C4129}.ReleaseMD|Win32.Build.0 = Release|Win32
		{73F44AA8-AFF6-4036-AEAA-5E4536736E87}.Debug_duck|Win32.ActiveCfg = Debug|Win32
		{73F44AA8-AFF6-4036-AEAA-5E4536736E87}.Debug_duck|Win32.Build.0 = Debug|Win32
		{73F44AA8-AFF6-4036-AEAA-5E4536736E87}.Debug_W|Win32.ActiveCfg = Debug|Win32
		{73F44AA8-AFF6-4036-AEAA-5E4536736E87}.Debug_W|Win32.Build.0 = Debug|Win32
		{73F44AA8-AFF6-4036-AEAA-5E4536736E87}.Debug|Win32.ActiveCfg = Debug|Win32
		{73F44AA8-AFF6-4036-AEAA-5E4536736E87}.Debug|Win32.Build.0 = Debug|Win32
		{73F44AA8-AFF6-4036-AEAA-5E4536736E87}.DebugDLL|Win32.ActiveCfg = Debug|Win32
		{73F44AA8-AFF6-4036-AEAA-5E4536736E87}.DebugDLL|Win32.Build.0 = Debug|Win32
		{73F44AA8-AFF6-4036-AEAA-5E4536736E87}.DebugMD_ImportCML2_W|Win32.ActiveCfg = Debug|Win32
		{73F44AA8-AFF6-4036-AEAA-5E4536736E87}.DebugMD_ImportCML2_W|Win32.Build.0 = Debug|Win32
		{73F44AA8-AFF6-4036-AEAA-5E4536736E87}.DebugMD_ImportCML2|Win32.ActiveCfg = Debug|Win32
		{73F44AA8-AFF6-4036-AEAA-5E4536736E87}.DebugMD_ImportCML2|Win32.Build.0 = Debug|Win32
		{73F44AA8-AFF6-4036-AEAA-5E4536736E87}.DebugMD|Win32.ActiveCfg = Debug|Win32
		{73F44AA8-AFF6-4036-AEAA-5E4536736E87}.DebugMD|Win32.Build.0 = Debug|Win32
		{73F44AA8-AFF6-4036-AEAA-5E4536736E87}.DebugMDW|Win32.ActiveCfg = Debug|Win32
		{73F44AA8-AFF6-4036-AEAA-5E4536736E87}.DebugMDW|Win32.Build.0 = Debug|Win32
		{73F44AA8-AFF6-4036-AEAA-5E4536736E87}.Release_profile_W|Win32.ActiveCfg = Release|Win32
		{73F44AA8-AFF6-4036-AEAA-5E4536736E87}.Release_profile_W|Win32.Build.0 = Release|Win32
		{73F44AA8-AFF6-4036-AEAA-5E4536736E87}.Release_Profile|Win32.ActiveCfg = Release|Win32
		{73F44AA8-AFF6-4036-AEAA-5E4536736E87}.Release_Profile|Win32.Build.0 = Release|Win32
		{73F44AA8-AFF6-4036-AEAA-5E4536736E87}.Release_W|Win32.ActiveCfg = Release|Win32
		{73F44AA8-AFF6-4036-AEAA-5E4536736E87}.Release_W|Win32.Build.0 = Release|Win32
		{73F44AA8-AFF6-4036-AEAA-5E4536736E87}.Release|Win32.ActiveCfg = Release|Win32
		{73F44AA8-AFF6-4036-AEAA-5E4536736E87}.Release|Win32.Build.0 = Release|Win32
		{73F44AA8-AFF6-4036-AEAA-5E4536736E87}.ReleaseMD_ImportCML2|Win32.ActiveCfg = Release|Win32
		{73F44AA8-AFF6-4036-AEAA-5E4536736E87}.ReleaseMD_ImportCML2|Win32.Build.0 = Release|Win32
		{73F44AA8-AFF6-4036-AEAA-5E4536736E87}.ReleaseMD_W|Win32.ActiveCfg = Release|Win32
		{73F44AA8-AFF6-4036-AEAA-5E4536736E87}.ReleaseMD_W|Win32.Build.0 = Release|Win32
		{73F44AA8-AFF6-4036-AEAA-5E4536736E87}.ReleaseMD|Win32.ActiveCfg = Release|Win32
		{73F44AA8-AFF6-4036-AEAA-5E4536736E87}.ReleaseMD|Win32.Build.0 = Release|Win32
		{EE126751-9D9B-4ED5-97CF-DA0FB37D80DB}.Debug_duck|Win32.ActiveCfg = Debug|Win32
		{EE126751-9D9B-4ED5-97CF-DA0FB37D80DB}.Debug_duck|Win32.Build.0 = Debug|Win32
		{EE126751-9D9B-4ED5-97CF-DA0FB37D80DB}.Debug_W|Win32.ActiveCfg = Debug|Win32
		{EE126751-9D9B-4ED5-97CF-DA0FB37D80DB}.Debug_W|Win32.Build.0 = Debug|Win32
		{EE126751-9D9B-4ED5-97CF-DA0FB37D80DB}.Debug|Win32.ActiveCfg = Debug|Win32
		{EE126751-9D9B-4ED5-97CF-DA0FB37D80DB}.Debug|Win32.Build.0 = Debug|Win32
		{EE126751-9D9B-4ED5-97CF-DA0FB37D80DB}.DebugDLL|Win32.ActiveCfg = Debug|Win32
		{EE126751-9D9B-4ED5-97CF-DA0FB37D80DB}.DebugDLL|Win32.Build.0 = Debug|Win32
		{EE126751-9D9B-4ED5-97CF-DA0FB37D80DB}.DebugMD_ImportCML2_W|Win32.ActiveCfg = Debug|Win32
		{EE126751-9D9B-4ED5-97CF-DA0FB37D80DB}.DebugMD_ImportCML2_W|Win32.Build.0 = Debug|Win32
		{EE126751-9D9B-4ED5-97CF-DA0FB37D80DB}.DebugMD_ImportCML2|Win32.ActiveCfg = Debug|Win32
		{EE126751-9D9B-4ED5-97CF-DA0FB37D80DB}.DebugMD_ImportCML2|Win32.Build.0 = Debug|Win32
		{EE126751-9D9B-4ED5-97CF-DA0FB37D80DB}.DebugMD|Win32.ActiveCfg = Debug|Win32
		{EE126751-9D9B-4ED5-97CF-DA0FB37D80DB}.DebugMD|Win32.Build.0 = Debug|Win32
		{EE126751-9D9B-4ED5-97CF-DA0FB37D80DB}.DebugMDW|Win32.ActiveCfg = Debug|Win32
		{EE126751-9D9B-4ED5-97CF-DA0FB37D80DB}.DebugMDW|Win32.Build.0 = Debug|Win32
		{EE126751-9D9B-4ED5-97CF-DA0FB37D80DB}.Release_profile_W|Win32.ActiveCfg = Release|Win32
		{EE126751-9D9B-4ED5-97CF-DA0FB37D80DB}.Release_profile_W|Win32.Build.0 = Release|Win32
		{EE126751-9D9B-4ED5-97CF-DA0FB37D80DB}.Release_Profile|Win32.ActiveCfg = Release|Win32
		{EE126751-9D9B-4ED5-97CF-DA0FB37D80DB}.Release_Profile|Win32.Build.0 = Release|Win32
		{EE126751-9D9B-4ED5-97CF-DA0FB37D80DB}.Release_W|Win32.ActiveCfg = Release|Win32
		{EE126751-9D9B-4ED5-97CF-DA0FB37D80DB}.Release_W|Win32.Build.0 = Release|Win32
		{EE126751-9D9B-4ED5-97CF-DA0FB37D80DB}.Release|Win32.ActiveCfg = Release|Win32
		{EE126751-9D9B-4ED5-97CF-DA0FB37D80DB}.Release|Win32.Build.0 = Release|Win32
		{EE126751-9D9B-4ED5-97CF-DA0FB37D80DB}.ReleaseMD_ImportCML2|Win32.ActiveCfg = Release|Win32
		{EE126751-9D9B-4ED5-97CF-DA0FB37D80DB}.ReleaseMD_ImportCML2|Win32.Build.0 = Release|Win32
		{EE126751-9D9B-4ED5-97CF-DA0FB37D80DB}.ReleaseMD_W|Win32.ActiveCfg = Release|Win32
		{EE126751-9D9B-4ED5-97CF-DA0FB37D80DB}.ReleaseMD_W|Win32.Build.0 = Release|Win32
		{EE126751-9D9B-4ED5-97CF-DA0FB37D80DB}.ReleaseMD|Win32.ActiveCfg = Release|Win32
		{EE126751-9D9B-4ED5-97CF-DA0FB37D80DB}.ReleaseMD|Win32.Build.0 = Release|Win32
		{89DBFF92-C477-4B7E-B175-56F3C71F180D}.Debug_duck|Win32.ActiveCfg = Debug|Win32
		{89DBFF92-C477-4B7E-B175-56F3C71F180D}.Debug_duck|Win32.Build.0 = Debug|Win32
		{89DBFF92-C477-4B7E-B175-56F3C71F180D}.Debug_W|Win32.ActiveCfg = Debug|Win32
		{89DBFF92-C477-4B7E-B175-56F3C71F180D}.Debug_W|Win32.Build.0 = Debug|Win32
		{89DBFF92-C477-4B7E-B175-56F3C71F180D}.Debug|Win32.ActiveCfg = Debug|Win32
		{89DBFF92-C477-4B7E-B175-56F3C71F180D}.Debug|Win32.Build.0 = Debug|Win32
		{89DBFF92-C477-4B7E-B175-56F3C71F180D}.DebugDLL|Win32.ActiveCfg = Debug|Win32
		{89DBFF92-C477-4B7E-B175-56F3C71F180D}.DebugDLL|Win32.Build.0 = Debug|Win32
		{89DBFF92-C477-4B7E-B175-56F3C71F180D}.DebugMD_ImportCML2_W|Win32.ActiveCfg = Debug|Win32
		{89DBFF92-C477-4B7E-B175-56F3C71F180D}.DebugMD_ImportCML2_W|Win32.Build.0 = Debug|Win32
		{89DBFF92-C477-4B7E-B175-56F3C71F180D}.DebugMD_ImportCML2|Win32.ActiveCfg = Debug|Win32
		{89DBFF92-C477-4B7E-B175-56F3C71F180D}.DebugMD_ImportCML2|Win32.Build.0 = Debug|Win32
		{89DBFF92-C477-4B7E-B175-56F3C71F180D}.DebugMD|Win32.ActiveCfg = Debug|Win32
		{89DBFF92-C477-4B7E-B175-56F3C71F180D}.DebugMD|Win32.Build.0 = Debug|Win32
		{89DBFF92-C477-4B7E-B175-56F3C71F180D}.DebugMDW|Win32.ActiveCfg = Debug|Win32
		{89DBFF92-C477-4B7E-B175-56F3C71F180D}.DebugMDW|Win32.Build.0 = Debug|Win32
		{89DBFF92-C477-4B7E-B175-56F3C71F180D}.Release_profile_W|Win32.ActiveCfg = Release|Win32
		{89DBFF92-C477-4B7E-B175-56F3C71F180D}.Release_profile_W|Win32.Build.0 = Release|Win32
		{89DBFF92-C477-4B7E-B175-56F3C71F180D}.Release_Profile|Win32.ActiveCfg = Release|Win32
		{89DBFF92-C477-4B7E-B175-56F3C71F180D}.Release_Profile|Win32.Build.0 = Release|Win32
		{89DBFF92-C477-4B7E-B175-56F3C71F180D}.Release_W|Win32.ActiveCfg = Release|Win32
		{89DBFF92-C477-4B7E-B175-56F3C71F180D}.Release_W|Win32.Build.0 = Release|Win32
		{89DBFF92-C477-4B7E-B175-56F3C71F180D}.Release|Win32.ActiveCfg = Release|Win32
		{89DBFF92-C477-4B7E-B175-56F3C71F180D}.Release|Win32.Build.0 = Release|Win32
		{89DBFF92-C477-4B7E-B175-56F3C71F180D}.ReleaseMD_ImportCML2|Win32.ActiveCfg = Release|Win32
		{89DBFF92-C477-4B7E-B175-56F3C71F180D}.ReleaseMD_ImportCML2|Win32.Build.0 = Release|Win32
		{89DBFF92-C477-4B7E-B175-56F3C71F180D}.ReleaseMD_W|Win32.ActiveCfg = Release|Win32
		{89DBFF92-C477-4B7E-B175-56F3C71F180D}.ReleaseMD_W|Win32.Build.0 = Release|Win32
		{89DBFF92-C477-4B7E-B175-56F3C71F180D}.ReleaseMD|Win32.ActiveCfg = Release|Win32
		{89DBFF92-C477-4B7E-B175-56F3C71F180D}.ReleaseMD|Win32.Build.0 = Release|Win32
		{2D063418-4E8D-4689-8394-A80BAA738631}.Debug_duck|Win32.ActiveCfg = DebugMD_ImportCML2W|Win32
		{2D063418-4E8D-4689-8394-A80BAA738631}.Debug_duck|Win32.Build.0 = DebugMD_ImportCML2W|Win32
		{2D063418-4E8D-4689-8394-A80BAA738631}.Debug_W|Win32.ActiveCfg = DebugW|Win32
		{2D063418-4E8D-4689-8394-A80BAA738631}.Debug_W|Win32.Build.0 = DebugW|Win32
		{2D063418-4E8D-4689-8394-A80BAA738631}.Debug|Win32.ActiveCfg = DebugMD_ImportCML2|Win32
		{2D063418-4E8D-4689-8394-A80BAA738631}.Debug|Win32.Build.0 = DebugMD_ImportCML2|Win32
		{2D063418-4E8D-4689-8394-A80BAA738631}.DebugDLL|Win32.ActiveCfg = DebugDLL|Win32
		{2D063418-4E8D-4689-8394-A80BAA738631}.DebugDLL|Win32.Build.0 = DebugDLL|Win32
		{2D063418-4E8D-4689-8394-A80BAA738631}.DebugMD_ImportCML2_W|Win32.ActiveCfg = DebugMD_ImportCML2|Win32
		{2D063418-4E8D-4689-8394-A80BAA738631}.DebugMD_ImportCML2_W|Win32.Build.0 = DebugMD_ImportCML2|Win32
		{2D063418-4E8D-4689-8394-A80BAA738631}.DebugMD_ImportCML2|Win32.ActiveCfg = DebugMD_ImportCML2|Win32
		{2D063418-4E8D-4689-8394-A80BAA738631}.DebugMD_ImportCML2|Win32.Build.0 = DebugMD_ImportCML2|Win32
		{2D063418-4E8D-4689-8394-A80BAA738631}.DebugMD|Win32.ActiveCfg = DebugMD|Win32
		{2D063418-4E8D-4689-8394-A80BAA738631}.DebugMD|Win32.Build.0 = DebugMD|Win32
		{2D063418-4E8D-4689-8394-A80BAA738631}.DebugMDW|Win32.ActiveCfg = DebugMDW|Win32
		{2D063418-4E8D-4689-8394-A80BAA738631}.DebugMDW|Win32.Build.0 = DebugMDW|Win32
		{2D063418-4E8D-4689-8394-A80BAA738631}.Release_profile_W|Win32.ActiveCfg = Release|Win32
		{2D063418-4E8D-4689-8394-A80BAA738631}.Release_profile_W|Win32.Build.0 = Release|Win32
		{2D063418-4E8D-4689-8394-A80BAA738631}.Release_Profile|Win32.ActiveCfg = ReleaseMD_ImportCML2|Win32
		{2D063418-4E8D-4689-8394-A80BAA738631}.Release_Profile|Win32.Build.0 = ReleaseMD_ImportCML2|Win32
		{2D063418-4E8D-4689-8394-A80BAA738631}.Release_W|Win32.ActiveCfg = Release|Win32
		{2D063418-4E8D-4689-8394-A80BAA738631}.Release_W|Win32.Build.0 = Release|Win32
		{2D063418-4E8D-4689-8394-A80BAA738631}.Release|Win32.ActiveCfg = ReleaseMD_ImportCML2|Win32
		{2D063418-4E8D-4689-8394-A80BAA738631}.Release|Win32.Build.0 = ReleaseMD_ImportCML2|Win32
		{2D063418-4E8D-4689-8394-A80BAA738631}.ReleaseMD_ImportCML2|Win32.ActiveCfg = ReleaseMD_ImportCML2|Win32
		{2D063418-4E8D-4689-8394-A80BAA738631}.ReleaseMD_ImportCML2|Win32.Build.0 = ReleaseMD_ImportCML2|Win32
		{2D063418-4E8D-4689-8394-A80BAA738631}.ReleaseMD_W|Win32.ActiveCfg = ReleaseMD_ImportCML2W|Win32
		{2D063418-4E8D-4689-8394-A80BAA738631}.ReleaseMD_W|Win32.Build.0 = ReleaseMD_ImportCML2W|Win32
		{2D063418-4E8D-4689-8394-A80BAA738631}.ReleaseMD|Win32.ActiveCfg = ReleaseMD|Win32
		{2D063418-4E8D-4689-8394-A80BAA738631}.ReleaseMD|Win32.Build.0 = ReleaseMD|Win32
		{CCEE827F-9252-44CE-AA1A-F5D76290056C}.Debug_duck|Win32.ActiveCfg = Debug_duck|Win32
		{CCEE827F-9252-44CE-AA1A-F5D76290056C}.Debug_duck|Win32.Build.0 = Debug_duck|Win32
		{CCEE827F-9252-44CE-AA1A-F5D76290056C}.Debug_W|Win32.ActiveCfg = Debug_duck|Win32
		{CCEE827F-9252-44CE-AA1A-F5D76290056C}.Debug_W|Win32.Build.0 = Debug_duck|Win32
		{CCEE827F-9252-44CE-AA1A-F5D76290056C}.Debug|Win32.ActiveCfg = Debug|Win32
		{CCEE827F-9252-44CE-AA1A-F5D76290056C}.Debug|Win32.Build.0 = Debug|Win32
		{CCEE827F-9252-44CE-AA1A-F5D76290056C}.DebugDLL|Win32.ActiveCfg = Debug|Win32
		{CCEE827F-9252-44CE-AA1A-F5D76290056C}.DebugDLL|Win32.Build.0 = Debug|Win32
		{CCEE827F-9252-44CE-AA1A-F5D76290056C}.DebugMD_ImportCML2_W|Win32.ActiveCfg = Debug|Win32
		{CCEE827F-9252-44CE-AA1A-F5D76290056C}.DebugMD_ImportCML2_W|Win32.Build.0 = Debug|Win32
		{CCEE827F-9252-44CE-AA1A-F5D76290056C}.DebugMD_ImportCML2|Win32.ActiveCfg = Debug|Win32
		{CCEE827F-9252-44CE-AA1A-F5D76290056C}.DebugMD_ImportCML2|Win32.Build.0 = Debug|Win32
		{CCEE827F-9252-44CE-AA1A-F5D76290056C}.DebugMD|Win32.ActiveCfg = Debug|Win32
		{CCEE827F-9252-44CE-AA1A-F5D76290056C}.DebugMD|Win32.Build.0 = Debug|Win32
		{CCEE827F-9252-44CE-AA1A-F5D76290056C}.DebugMDW|Win32.ActiveCfg = Debug|Win32
		{CCEE827F-9252-44CE-AA1A-F5D76290056C}.DebugMDW|Win32.Build.0 = Debug|Win32
		{CCEE827F-9252-44CE-AA1A-F5D76290056C}.Release_profile_W|Win32.ActiveCfg = Release|Win32
		{CCEE827F-9252-44CE-AA1A-F5D76290056C}.Release_profile_W|Win32.Build.0 = Release|Win32
		{CCEE827F-9252-44CE-AA1A-F5D76290056C}.Release_Profile|Win32.ActiveCfg = Release|Win32
		{CCEE827F-9252-44CE-AA1A-F5D76290056C}.Release_Profile|Win32.Build.0 = Release|Win32
		{CCEE827F-9252-44CE-AA1A-F5D76290056C}.Release_W|Win32.ActiveCfg = Release|Win32
		{CCEE827F-9252-44CE-AA1A-F5D76290056C}.Release_W|Win32.Build.0 = Release|Win32
		{CCEE827F-9252-44CE-AA1A-F5D76290056C}.Release|Win32.ActiveCfg = Release|Win32
		{CCEE827F-9252-44CE-AA1A-F5D76290056C}.Release|Win32.Build.0 = Release|Win32
		{CCEE827F-9252-44CE-AA1A-F5D76290056C}.ReleaseMD_ImportCML2|Win32.ActiveCfg = Release|Win32
		{CCEE827F-9252-44CE-AA1A-F5D76290056C}.ReleaseMD_ImportCML2|Win32.Build.0 = Release|Win32
		{CCEE827F-9252-44CE-AA1A-F5D76290056C}.ReleaseMD_W|Win32.ActiveCfg = Release|Win32
		{CCEE827F-9252-44CE-AA1A-F5D76290056C}.ReleaseMD_W|Win32.Build.0 = Release|Win32
		{CCEE827F-9252-44CE-AA1A-F5D76290056C}.ReleaseMD|Win32.ActiveCfg = Release|Win32
		{CCEE827F-9252-44CE-AA1A-F5D76290056C}.ReleaseMD|Win32.Build.0 = Release|Win32
		{321A91B8-7614-4AC6-90E1-A93ADD6D2C4A}.Debug_duck|Win32.ActiveCfg = Debug|Win32
		{321A91B8-7614-4AC6-90E1-A93ADD6D2C4A}.Debug_duck|Win32.Build.0 = Debug|Win32
		{321A91B8-7614-4AC6-90E1-A93ADD6D2C4A}.Debug_W|Win32.ActiveCfg = Debug|Win32
		{321A91B8-7614-4AC6-90E1-A93ADD6D2C4A}.Debug_W|Win32.Build.0 = Debug|Win32
		{321A91B8-7614-4AC6-90E1-A93ADD6D2C4A}.Debug|Win32.ActiveCfg = Debug|Win32
		{321A91B8-7614-4AC6-90E1-A93ADD6D2C4A}.Debug|Win32.Build.0 = Debug|Win32
		{321A91B8-7614-4AC6-90E1-A93ADD6D2C4A}.DebugDLL|Win32.ActiveCfg = Debug|Win32
		{321A91B8-7614-4AC6-90E1-A93ADD6D2C4A}.DebugDLL|Win32.Build.0 = Debug|Win32
		{321A91B8-7614-4AC6-90E1-A93ADD6D2C4A}.DebugMD_ImportCML2_W|Win32.ActiveCfg = Debug|Win32
		{321A91B8-7614-4AC6-90E1-A93ADD6D2C4A}.DebugMD_ImportCML2_W|Win32.Build.0 = Debug|Win32
		{321A91B8-7614-4AC6-90E1-A93ADD6D2C4A}.DebugMD_ImportCML2|Win32.ActiveCfg = Debug|Win32
		{321A91B8-7614-4AC6-90E1-A93ADD6D2C4A}.DebugMD_ImportCML2|Win32.Build.0 = Debug|Win32
		{321A91B8-7614-4AC6-90E1-A93ADD6D2C4A}.DebugMD|Win32.ActiveCfg = Debug|Win32
		{321A91B8-7614-4AC6-90E1-A93ADD6D2C4A}.DebugMD|Win32.Build.0 = Debug|Win32
		{321A91B8-7614-4AC6-90E1-A93ADD6D2C4A}.DebugMDW|Win32.ActiveCfg = Debug|Win32
		{321A91B8-7614-4AC6-90E1-A93ADD6D2C4A}.DebugMDW|Win32.Build.0 = Debug|Win32
		{321A91B8-7614-4AC6-90E1-A93ADD6D2C4A}.Release_profile_W|Win32.ActiveCfg = Release|Win32
		{321A91B8-7614-4AC6-90E1-A93ADD6D2C4A}.Release_profile_W|Win32.Build.0 = Release|Win32
		{321A91B8-7614-4AC6-90E1-A93ADD6D2C4A}.Release_Profile|Win32.ActiveCfg = Release|Win32
		{321A91B8-7614-4AC6-90E1-A93ADD6D2C4A}.Release_Profile|Win32.Build.0 = Release|Win32
		{321A91B8-7614-4AC6-90E1-A93ADD6D2C4A}.Release_W|Win32.ActiveCfg = Release|Win32
		{321A91B8-7614-4AC6-90E1-A93ADD6D2C4A}.Release_W|Win32.Build.0 = Release|Win32
		{321A91B8-7614-4AC6-90E1-A93ADD6D2C4A}.Release|Win32.ActiveCfg = Release|Win32
		{321A91B8-7614-4AC6-90E1-A93ADD6D2C4A}.Release|Win32.Build.0 = Release|Win32
		{321A91B8-7614-4AC6-90E1-A93ADD6D2C4A}.ReleaseMD_ImportCML2|Win32.ActiveCfg = Release|Win32
		{321A91B8-7614-4AC6-90E1-A93ADD6D2C4A}.ReleaseMD_ImportCML2|Win32.Build.0 = Release|Win32
		{321A91B8-7614-4AC6-90E1-A93ADD6D2C4A}.ReleaseMD_W|Win32.ActiveCfg = Release|Win32
		{321A91B8-7614-4AC6-90E1-A93ADD6D2C4A}.ReleaseMD_W|Win32.Build.0 = Release|Win32
		{321A91B8-7614-4AC6-90E1-A93ADD6D2C4A}.ReleaseMD|Win32.ActiveCfg = Release|Win32
		{321A91B8-7614-4AC6-90E1-A93ADD6D2C4A}.ReleaseMD|Win32.Build.0 = Release|Win32
		{1D525AC5-0F9F-431E-B713-D100D5D21856}.Debug_duck|Win32.ActiveCfg = Debug_duck|Win32
		{1D525AC5-0F9F-431E-B713-D100D5D21856}.Debug_duck|Win32.Build.0 = Debug_duck|Win32
		{1D525AC5-0F9F-431E-B713-D100D5D21856}.Debug_W|Win32.ActiveCfg = Debug_duck|Win32
		{1D525AC5-0F9F-431E-B713-D100D5D21856}.Debug_W|Win32.Build.0 = Debug_duck|Win32
		{1D525AC5-0F9F-431E-B713-D100D5D21856}.Debug|Win32.ActiveCfg = Debug|Win32
		{1D525AC5-0F9F-431E-B713-D100D5D21856}.Debug|Win32.Build.0 = Debug|Win32
		{1D525AC5-0F9F-431E-B713-D100D5D21856}.DebugDLL|Win32.ActiveCfg = Debug|Win32
		{1D525AC5-0F9F-431E-B713-D100D5D21856}.DebugDLL|Win32.Build.0 = Debug|Win32
		{1D525AC5-0F9F-431E-B713-D100D5D21856}.DebugMD_ImportCML2_W|Win32.ActiveCfg = Debug|Win32
		{1D525AC5-0F9F-431E-B713-D100D5D21856}.DebugMD_ImportCML2_W|Win32.Build.0 = Debug|Win32
		{1D525AC5-0F9F-431E-B713-D100D5D21856}.DebugMD_ImportCML2|Win32.ActiveCfg = Debug|Win32
		{1D525AC5-0F9F-431E-B713-D100D5D21856}.DebugMD_ImportCML2|Win32.Build.0 = Debug|Win32
		{1D525AC5-0F9F-431E-B713-D100D5D21856}.DebugMD|Win32.ActiveCfg = Debug|Win32
		{1D525AC5-0F9F-431E-B713-D100D5D21856}.DebugMD|Win32.Build.0 = Debug|Win32
		{1D525AC5-0F9F-431E-B713-D100D5D21856}.DebugMDW|Win32.ActiveCfg = Debug|Win32
		{1D525AC5-0F9F-431E-B713-D100D5D21856}.DebugMDW|Win32.Build.0 = Debug|Win32
		{1D525AC5-0F9F-431E-B713-D100D5D21856}.Release_profile_W|Win32.ActiveCfg = Release|Win32
		{1D525AC5-0F9F-431E-B713-D100D5D21856}.Release_profile_W|Win32.Build.0 = Release|Win32
		{1D525AC5-0F9F-431E-B713-D100D5D21856}.Release_Profile|Win32.ActiveCfg = Release|Win32
		{1D525AC5-0F9F-431E-B713-D100D5D21856}.Release_Profile|Win32.Build.0 = Release|Win32
		{1D525AC5-0F9F-431E-B713-D100D5D21856}.Release_W|Win32.ActiveCfg = Release|Win32
		{1D525AC5-0F9F-431E-B713-D100D5D21856}.Release_W|Win32.Build.0 = Release|Win32
		{1D525AC5-0F9F-431E-B713-D100D5D21856}.Release|Win32.ActiveCfg = Release|Win32
		{1D525AC5-0F9F-431E-B713-D100D5D21856}.Release|Win32.Build.0 = Release|Win32
		{1D525AC5-0F9F-431E-B713-D100D5D21856}.ReleaseMD_ImportCML2|Win32.ActiveCfg = Release|Win32
		{1D525AC5-0F9F-431E-B713-D100D5D21856}.ReleaseMD_ImportCML2|Win32.Build.0 = Release|Win32
		{1D525AC5-0F9F-431E-B713-D100D5D21856}.ReleaseMD_W|Win32.ActiveCfg = Release|Win32
		{1D525AC5-0F9F-431E-B713-D100D5D21856}.ReleaseMD_W|Win32.Build.0 = Release|Win32
		{1D525AC5-0F9F-431E-B713-D100D5D21856}.ReleaseMD|Win32.ActiveCfg = Release|Win32
		{1D525AC5-0F9F-431E-B713-D100D5D21856}.ReleaseMD|Win32.Build.0 = Release|Win32
		{595010C3-5427-4453-9F44-5ADB4EDDDB28}.Debug_duck|Win32.ActiveCfg = Debug|Win32
		{595010C3-5427-4453-9F44-5ADB4EDDDB28}.Debug_duck|Win32.Build.0 = Debug|Win32
		{595010C3-5427-4453-9F44-5ADB4EDDDB28}.Debug_W|Win32.ActiveCfg = Debug|Win32
		{595010C3-5427-4453-9F44-5ADB4EDDDB28}.Debug_W|Win32.Build.0 = Debug|Win32
		{595010C3-5427-4453-9F44-5ADB4EDDDB28}.Debug|Win32.ActiveCfg = Debug|Win32
		{595010C3-5427-4453-9F44-5ADB4EDDDB28}.Debug|Win32.Build.0 = Debug|Win32
		{595010C3-5427-4453-9F44-5ADB4EDDDB28}.DebugDLL|Win32.ActiveCfg = DebugDLL|Win32
		{595010C3-5427-4453-9F44-5ADB4EDDDB28}.DebugDLL|Win32.Build.0 = DebugDLL|Win32
		{595010C3-5427-4453-9F44-5ADB4EDDDB28}.DebugMD_ImportCML2_W|Win32.ActiveCfg = DebugMD_ImportCML2|Win32
		{595010C3-5427-4453-9F44-5ADB4EDDDB28}.DebugMD_ImportCML2_W|Win32.Build.0 = DebugMD_ImportCML2|Win32
		{595010C3-5427-4453-9F44-5ADB4EDDDB28}.DebugMD_ImportCML2|Win32.ActiveCfg = DebugMD_ImportCML2|Win32
		{595010C3-5427-4453-9F44-5ADB4EDDDB28}.DebugMD_ImportCML2|Win32.Build.0 = DebugMD_ImportCML2|Win32
		{595010C3-5427-4453-9F44-5ADB4EDDDB28}.DebugMD|Win32.ActiveCfg = DebugMD|Win32
		{595010C3-5427-4453-9F44-5ADB4EDDDB28}.DebugMD|Win32.Build.0 = DebugMD|Win32
		{595010C3-5427-4453-9F44-5ADB4EDDDB28}.DebugMDW|Win32.ActiveCfg = DebugMD|Win32
		{595010C3-5427-4453-9F44-5ADB4EDDDB28}.DebugMDW|Win32.Build.0 = DebugMD|Win32
		{595010C3-5427-4453-9F44-5ADB4EDDDB28}.Release_profile_W|Win32.ActiveCfg = Release_profile|Win32
		{595010C3-5427-4453-9F44-5ADB4EDDDB28}.Release_profile_W|Win32.Build.0 = Release_profile|Win32
		{595010C3-5427-4453-9F44-5ADB4EDDDB28}.Release_Profile|Win32.ActiveCfg = Release_profile|Win32
		{595010C3-5427-4453-9F44-5ADB4EDDDB28}.Release_Profile|Win32.Build.0 = Release_profile|Win32
		{595010C3-5427-4453-9F44-5ADB4EDDDB28}.Release_W|Win32.ActiveCfg = Release_profile|Win32
		{595010C3-5427-4453-9F44-5ADB4EDDDB28}.Release_W|Win32.Build.0 = Release_profile|Win32
		{595010C3-5427-4453-9F44-5ADB4EDDDB28}.Release|Win32.ActiveCfg = Release|Win32
		{595010C3-5427-4453-9F44-5ADB4EDDDB28}.Release|Win32.Build.0 = Release|Win32
		{595010C3-5427-4453-9F44-5ADB4EDDDB28}.ReleaseMD_ImportCML2|Win32.ActiveCfg = ReleaseMD_ImportCML2|Win32
		{595010C3-5427-4453-9F44-5ADB4EDDDB28}.ReleaseMD_ImportCML2|Win32.Build.0 = ReleaseMD_ImportCML2|Win32
		{595010C3-5427-4453-9F44-5ADB4EDDDB28}.ReleaseMD_W|Win32.ActiveCfg = ReleaseMD_ImportCML2|Win32
		{595010C3-5427-4453-9F44-5ADB4EDDDB28}.ReleaseMD_W|Win32.Build.0 = ReleaseMD_ImportCML2|Win32
		{595010C3-5427-4453-9F44-5ADB4EDDDB28}.ReleaseMD|Win32.ActiveCfg = ReleaseMD|Win32
		{595010C3-5427-4453-9F44-5ADB4EDDDB28}.ReleaseMD|Win32.Build.0 = ReleaseMD|Win32
	EndGlobalSection
	GlobalSection(SolutionProperties) = preSolution
		HideSolutionNode = FALSE
	EndGlobalSection
	GlobalSection(ExtensibilityGlobals) = postSolution
		SolutionGuid = {84781E73-C3D9-4EB6-9099-D4B08632F380}
	EndGlobalSection
EndGlobal
